// !$*UTF8*$!
{
	archiveVersion = 1;
	classes = {
	};
	objectVersion = 46;
	objects = {

/* Begin PBXBuildFile section */
		21103F3A1B95F63700273976 /* ScheduleViewController.m in Sources */ = {isa = PBXBuildFile; fileRef = 21103F391B95F63700273976 /* ScheduleViewController.m */; };
		21103F3D1B95F66600273976 /* PlacesViewController.m in Sources */ = {isa = PBXBuildFile; fileRef = 21103F3C1B95F66600273976 /* PlacesViewController.m */; };
		21103F401B96092D00273976 /* ProgressViewController.m in Sources */ = {isa = PBXBuildFile; fileRef = 21103F3F1B96092D00273976 /* ProgressViewController.m */; };
		21103F431B960BBD00273976 /* HistoryViewController.m in Sources */ = {isa = PBXBuildFile; fileRef = 21103F421B960BBD00273976 /* HistoryViewController.m */; };
		21103F531B97467100273976 /* schedule_tab.png in Resources */ = {isa = PBXBuildFile; fileRef = 21103F4D1B97467100273976 /* schedule_tab.png */; };
		21103F541B97467100273976 /* schedule_tab@2x.png in Resources */ = {isa = PBXBuildFile; fileRef = 21103F4E1B97467100273976 /* schedule_tab@2x.png */; };
		21103F551B97467100273976 /* schedule_tab@3x.png in Resources */ = {isa = PBXBuildFile; fileRef = 21103F4F1B97467100273976 /* schedule_tab@3x.png */; };
		21103F561B97467100273976 /* schedule_toolbar.png in Resources */ = {isa = PBXBuildFile; fileRef = 21103F501B97467100273976 /* schedule_toolbar.png */; };
		21103F571B97467100273976 /* schedule_toolbar@2x.png in Resources */ = {isa = PBXBuildFile; fileRef = 21103F511B97467100273976 /* schedule_toolbar@2x.png */; };
		21103F581B97467100273976 /* schedule_toolbar@3x.png in Resources */ = {isa = PBXBuildFile; fileRef = 21103F521B97467100273976 /* schedule_toolbar@3x.png */; };
		21103F5B1B975A6100273976 /* NewWorkoutViewController.m in Sources */ = {isa = PBXBuildFile; fileRef = 21103F5A1B975A6100273976 /* NewWorkoutViewController.m */; };
		21103F5F1B9776CE00273976 /* add.png in Resources */ = {isa = PBXBuildFile; fileRef = 21103F5C1B9776CE00273976 /* add.png */; };
		21103F601B9776CE00273976 /* add@2x.png in Resources */ = {isa = PBXBuildFile; fileRef = 21103F5D1B9776CE00273976 /* add@2x.png */; };
		21103F611B9776CE00273976 /* add@3x.png in Resources */ = {isa = PBXBuildFile; fileRef = 21103F5E1B9776CE00273976 /* add@3x.png */; };
		21103F711B978E0D00273976 /* zzz.png in Resources */ = {isa = PBXBuildFile; fileRef = 21103F6E1B978E0D00273976 /* zzz.png */; };
		21103F721B978E0D00273976 /* zzz@2x.png in Resources */ = {isa = PBXBuildFile; fileRef = 21103F6F1B978E0D00273976 /* zzz@2x.png */; };
		21103F731B978E0D00273976 /* zzz@3x.png in Resources */ = {isa = PBXBuildFile; fileRef = 21103F701B978E0D00273976 /* zzz@3x.png */; };
		21103F7A1B97AC4B00273976 /* AddExerciseViewController.m in Sources */ = {isa = PBXBuildFile; fileRef = 21103F791B97AC4B00273976 /* AddExerciseViewController.m */; };
		21103F7D1B97B8A300273976 /* NSManagedObject+Remote.m in Sources */ = {isa = PBXBuildFile; fileRef = 21103F7C1B97B8A300273976 /* NSManagedObject+Remote.m */; };
		21103F801B97BD7600273976 /* Exercise.m in Sources */ = {isa = PBXBuildFile; fileRef = 21103F7F1B97BD7600273976 /* Exercise.m */; };
		211440B61B70BC9300609D60 /* GoogleOpenSource.framework in Frameworks */ = {isa = PBXBuildFile; fileRef = 211440B41B70BC9300609D60 /* GoogleOpenSource.framework */; };
		211440B71B70BC9300609D60 /* GooglePlus.framework in Frameworks */ = {isa = PBXBuildFile; fileRef = 211440B51B70BC9300609D60 /* GooglePlus.framework */; };
		211440BA1B70BD1B00609D60 /* GooglePlus.bundle in Resources */ = {isa = PBXBuildFile; fileRef = 211440B91B70BD1B00609D60 /* GooglePlus.bundle */; };
		211440BC1B70D26900609D60 /* CoreGraphics.framework in Frameworks */ = {isa = PBXBuildFile; fileRef = 211440BB1B70D26900609D60 /* CoreGraphics.framework */; };
		211440C71B70D2D000609D60 /* AddressBook.framework in Frameworks */ = {isa = PBXBuildFile; fileRef = 211440BD1B70D2D000609D60 /* AddressBook.framework */; };
		211440C81B70D2D000609D60 /* AssetsLibrary.framework in Frameworks */ = {isa = PBXBuildFile; fileRef = 211440BE1B70D2D000609D60 /* AssetsLibrary.framework */; };
		211440C91B70D2D000609D60 /* CoreLocation.framework in Frameworks */ = {isa = PBXBuildFile; fileRef = 211440BF1B70D2D000609D60 /* CoreLocation.framework */; };
		211440CA1B70D2D000609D60 /* CoreMotion.framework in Frameworks */ = {isa = PBXBuildFile; fileRef = 211440C01B70D2D000609D60 /* CoreMotion.framework */; };
		211440CB1B70D2D000609D60 /* CoreText.framework in Frameworks */ = {isa = PBXBuildFile; fileRef = 211440C11B70D2D000609D60 /* CoreText.framework */; };
		211440CC1B70D2D000609D60 /* Foundation.framework in Frameworks */ = {isa = PBXBuildFile; fileRef = 211440C21B70D2D000609D60 /* Foundation.framework */; };
		211440CD1B70D2D100609D60 /* MediaPlayer.framework in Frameworks */ = {isa = PBXBuildFile; fileRef = 211440C31B70D2D000609D60 /* MediaPlayer.framework */; };
		211440CE1B70D2D100609D60 /* Security.framework in Frameworks */ = {isa = PBXBuildFile; fileRef = 211440C41B70D2D000609D60 /* Security.framework */; };
		211440CF1B70D2D100609D60 /* SystemConfiguration.framework in Frameworks */ = {isa = PBXBuildFile; fileRef = 211440C51B70D2D000609D60 /* SystemConfiguration.framework */; };
		211440D01B70D2D100609D60 /* UIKit.framework in Frameworks */ = {isa = PBXBuildFile; fileRef = 211440C61B70D2D000609D60 /* UIKit.framework */; };
		211440F41B70F6D000609D60 /* TestUser.m in Sources */ = {isa = PBXBuildFile; fileRef = 211440F31B70F6D000609D60 /* TestUser.m */; };
		211B85B31B6BC3B5006411BE /* WorkoutCell.m in Sources */ = {isa = PBXBuildFile; fileRef = 211B85B21B6BC3B5006411BE /* WorkoutCell.m */; };
		21367DAE1B7B406E00A9E356 /* DashboardViewController.m in Sources */ = {isa = PBXBuildFile; fileRef = 21367DAD1B7B406E00A9E356 /* DashboardViewController.m */; };
		21367DBB1B7B62AC00A9E356 /* places.png in Resources */ = {isa = PBXBuildFile; fileRef = 21367DB51B7B62AC00A9E356 /* places.png */; };
		21367DBC1B7B62AC00A9E356 /* places@2x.png in Resources */ = {isa = PBXBuildFile; fileRef = 21367DB61B7B62AC00A9E356 /* places@2x.png */; };
		21367DBD1B7B62AC00A9E356 /* places@3x.png in Resources */ = {isa = PBXBuildFile; fileRef = 21367DB71B7B62AC00A9E356 /* places@3x.png */; };
		21491FA01B7960B6006A7FBE /* Localizable.strings in Resources */ = {isa = PBXBuildFile; fileRef = 21491FA21B7960B6006A7FBE /* Localizable.strings */; };
		215156D41B69298200654CEA /* main.m in Sources */ = {isa = PBXBuildFile; fileRef = 215156D31B69298200654CEA /* main.m */; };
		215156D71B69298200654CEA /* AppDelegate.m in Sources */ = {isa = PBXBuildFile; fileRef = 215156D61B69298200654CEA /* AppDelegate.m */; };
		215156DD1B69298200654CEA /* Main.storyboard in Resources */ = {isa = PBXBuildFile; fileRef = 215156DB1B69298200654CEA /* Main.storyboard */; };
		215156DF1B69298200654CEA /* Images.xcassets in Resources */ = {isa = PBXBuildFile; fileRef = 215156DE1B69298200654CEA /* Images.xcassets */; };
		215156E21B69298200654CEA /* LaunchScreen.xib in Resources */ = {isa = PBXBuildFile; fileRef = 215156E01B69298200654CEA /* LaunchScreen.xib */; };
		215156EE1B69298200654CEA /* kalestenikaTests.m in Sources */ = {isa = PBXBuildFile; fileRef = 215156ED1B69298200654CEA /* kalestenikaTests.m */; };
		21A1A9681B989F1900F34BDE /* NSManagedObject+Local.m in Sources */ = {isa = PBXBuildFile; fileRef = 21A1A9671B989F1900F34BDE /* NSManagedObject+Local.m */; };
		21A1A96B1B9905AC00F34BDE /* Record.m in Sources */ = {isa = PBXBuildFile; fileRef = 21A1A96A1B9905AC00F34BDE /* Record.m */; };
		21A1A9711B99116700F34BDE /* Workout.m in Sources */ = {isa = PBXBuildFile; fileRef = 21A1A9701B99116700F34BDE /* Workout.m */; };
		21A83AFD1B6B69C60095DFB8 /* MainViewController.m in Sources */ = {isa = PBXBuildFile; fileRef = 21A83AFC1B6B69C60095DFB8 /* MainViewController.m */; };
		21A83B001B6B6A070095DFB8 /* LoginViewController.m in Sources */ = {isa = PBXBuildFile; fileRef = 21A83AFF1B6B6A070095DFB8 /* LoginViewController.m */; };
		21A83B051B6B92F70095DFB8 /* muscle.png in Resources */ = {isa = PBXBuildFile; fileRef = 21A83B021B6B92F70095DFB8 /* muscle.png */; };
		21A83B061B6B92F70095DFB8 /* muscle@2x.png in Resources */ = {isa = PBXBuildFile; fileRef = 21A83B031B6B92F70095DFB8 /* muscle@2x.png */; };
		21A83B071B6B92F70095DFB8 /* muscle@3x.png in Resources */ = {isa = PBXBuildFile; fileRef = 21A83B041B6B92F70095DFB8 /* muscle@3x.png */; };
		21A83B0F1B6B9BB70095DFB8 /* Constants.m in Sources */ = {isa = PBXBuildFile; fileRef = 21A83B0E1B6B9BB70095DFB8 /* Constants.m */; };
		21AE93201B9C7EF4000D28BE /* dashboard.png in Resources */ = {isa = PBXBuildFile; fileRef = 21AE931D1B9C7EF4000D28BE /* dashboard.png */; };
		21AE93211B9C7EF4000D28BE /* dashboard@2x.png in Resources */ = {isa = PBXBuildFile; fileRef = 21AE931E1B9C7EF4000D28BE /* dashboard@2x.png */; };
		21AE93221B9C7EF4000D28BE /* dashboard@3x.png in Resources */ = {isa = PBXBuildFile; fileRef = 21AE931F1B9C7EF4000D28BE /* dashboard@3x.png */; };
		21AE93251B9C8C91000D28BE /* MapKit.framework in Frameworks */ = {isa = PBXBuildFile; fileRef = 21AE93241B9C8C91000D28BE /* MapKit.framework */; };
		21AE93291B9CB842000D28BE /* position.png in Resources */ = {isa = PBXBuildFile; fileRef = 21AE93261B9CB842000D28BE /* position.png */; };
		21AE932A1B9CB842000D28BE /* position@2x.png in Resources */ = {isa = PBXBuildFile; fileRef = 21AE93271B9CB842000D28BE /* position@2x.png */; };
		21AE932B1B9CB842000D28BE /* position@3x.png in Resources */ = {isa = PBXBuildFile; fileRef = 21AE93281B9CB842000D28BE /* position@3x.png */; };
		21AE93341B9D09F0000D28BE /* Place.m in Sources */ = {isa = PBXBuildFile; fileRef = 21AE93331B9D09F0000D28BE /* Place.m */; };
		21AE93371B9D8AB8000D28BE /* Session.m in Sources */ = {isa = PBXBuildFile; fileRef = 21AE93361B9D8AB8000D28BE /* Session.m */; };
		21AE934C1B9D8E74000D28BE /* SaveSessionViewController.m in Sources */ = {isa = PBXBuildFile; fileRef = 21AE934B1B9D8E74000D28BE /* SaveSessionViewController.m */; };
		21AE93511B9D9111000D28BE /* HCSStarRatingView.m in Sources */ = {isa = PBXBuildFile; fileRef = 21AE934F1B9D9111000D28BE /* HCSStarRatingView.m */; };
		21AE93521B9D9111000D28BE /* Info.plist in Resources */ = {isa = PBXBuildFile; fileRef = 21AE93501B9D9111000D28BE /* Info.plist */; };
		21AE93591B9DA290000D28BE /* facebook.png in Resources */ = {isa = PBXBuildFile; fileRef = 21AE93531B9DA290000D28BE /* facebook.png */; };
		21AE935A1B9DA290000D28BE /* facebook@2x.png in Resources */ = {isa = PBXBuildFile; fileRef = 21AE93541B9DA290000D28BE /* facebook@2x.png */; };
		21AE935B1B9DA290000D28BE /* facebook@3x.png in Resources */ = {isa = PBXBuildFile; fileRef = 21AE93551B9DA290000D28BE /* facebook@3x.png */; };
		21AE935C1B9DA290000D28BE /* google.png in Resources */ = {isa = PBXBuildFile; fileRef = 21AE93561B9DA290000D28BE /* google.png */; };
		21AE935D1B9DA290000D28BE /* google@2x.png in Resources */ = {isa = PBXBuildFile; fileRef = 21AE93571B9DA290000D28BE /* google@2x.png */; };
		21AE935E1B9DA290000D28BE /* google@3x.png in Resources */ = {isa = PBXBuildFile; fileRef = 21AE93581B9DA290000D28BE /* google@3x.png */; };
		21AE93611B9DA6BF000D28BE /* PlaceAnnotation.m in Sources */ = {isa = PBXBuildFile; fileRef = 21AE93601B9DA6BF000D28BE /* PlaceAnnotation.m */; };
		21AE93651B9DC3D2000D28BE /* remove.png in Resources */ = {isa = PBXBuildFile; fileRef = 21AE93621B9DC3D2000D28BE /* remove.png */; };
		21AE93661B9DC3D2000D28BE /* remove@2x.png in Resources */ = {isa = PBXBuildFile; fileRef = 21AE93631B9DC3D2000D28BE /* remove@2x.png */; };
		21AE93671B9DC3D2000D28BE /* remove@3x.png in Resources */ = {isa = PBXBuildFile; fileRef = 21AE93641B9DC3D2000D28BE /* remove@3x.png */; };
		21B300AC1B7250A800CB18B6 /* Kalestenika.xcdatamodeld in Sources */ = {isa = PBXBuildFile; fileRef = 21B300AA1B7250A800CB18B6 /* Kalestenika.xcdatamodeld */; };
		21B82E5D1B9B8FDA004C05B5 /* requirement_running.png in Resources */ = {isa = PBXBuildFile; fileRef = 21B82E5A1B9B8FDA004C05B5 /* requirement_running.png */; };
		21B82E5E1B9B8FDA004C05B5 /* requirement_running@2x.png in Resources */ = {isa = PBXBuildFile; fileRef = 21B82E5B1B9B8FDA004C05B5 /* requirement_running@2x.png */; };
		21B82E5F1B9B8FDA004C05B5 /* requirement_running@3x.png in Resources */ = {isa = PBXBuildFile; fileRef = 21B82E5C1B9B8FDA004C05B5 /* requirement_running@3x.png */; };
		21B82E631B9B914F004C05B5 /* requirement_bar.png in Resources */ = {isa = PBXBuildFile; fileRef = 21B82E601B9B914F004C05B5 /* requirement_bar.png */; };
		21B82E641B9B914F004C05B5 /* requirement_bar@2x.png in Resources */ = {isa = PBXBuildFile; fileRef = 21B82E611B9B914F004C05B5 /* requirement_bar@2x.png */; };
		21B82E651B9B914F004C05B5 /* requirement_bar@3x.png in Resources */ = {isa = PBXBuildFile; fileRef = 21B82E621B9B914F004C05B5 /* requirement_bar@3x.png */; };
		21B82E701B9B9C11004C05B5 /* requirement_kettlebell.png in Resources */ = {isa = PBXBuildFile; fileRef = 21B82E671B9B9C11004C05B5 /* requirement_kettlebell.png */; };
		21B82E711B9B9C11004C05B5 /* requirement_kettlebell@2x.png in Resources */ = {isa = PBXBuildFile; fileRef = 21B82E681B9B9C11004C05B5 /* requirement_kettlebell@2x.png */; };
		21B82E721B9B9C11004C05B5 /* requirement_kettlebell@3x.png in Resources */ = {isa = PBXBuildFile; fileRef = 21B82E691B9B9C11004C05B5 /* requirement_kettlebell@3x.png */; };
		21B82E731B9B9C11004C05B5 /* requirement_rings.png in Resources */ = {isa = PBXBuildFile; fileRef = 21B82E6A1B9B9C11004C05B5 /* requirement_rings.png */; };
		21B82E741B9B9C11004C05B5 /* requirement_rings@2x.png in Resources */ = {isa = PBXBuildFile; fileRef = 21B82E6B1B9B9C11004C05B5 /* requirement_rings@2x.png */; };
		21B82E751B9B9C11004C05B5 /* requirement_rings@3x.png in Resources */ = {isa = PBXBuildFile; fileRef = 21B82E6C1B9B9C11004C05B5 /* requirement_rings@3x.png */; };
		21B82E761B9B9C11004C05B5 /* requirement_rope.png in Resources */ = {isa = PBXBuildFile; fileRef = 21B82E6D1B9B9C11004C05B5 /* requirement_rope.png */; };
		21B82E771B9B9C11004C05B5 /* requirement_rope@2x.png in Resources */ = {isa = PBXBuildFile; fileRef = 21B82E6E1B9B9C11004C05B5 /* requirement_rope@2x.png */; };
		21B82E781B9B9C11004C05B5 /* requirement_rope@3x.png in Resources */ = {isa = PBXBuildFile; fileRef = 21B82E6F1B9B9C11004C05B5 /* requirement_rope@3x.png */; };
		21B82E7B1B9BA149004C05B5 /* WorkoutDetailViewController.m in Sources */ = {isa = PBXBuildFile; fileRef = 21B82E7A1B9BA149004C05B5 /* WorkoutDetailViewController.m */; };
		21B82E7E1B9BC686004C05B5 /* SessionViewController.m in Sources */ = {isa = PBXBuildFile; fileRef = 21B82E7D1B9BC686004C05B5 /* SessionViewController.m */; };
		21B82EA31B9C31E7004C05B5 /* JTCalendarManager.m in Sources */ = {isa = PBXBuildFile; fileRef = 21B82E831B9C31E7004C05B5 /* JTCalendarManager.m */; };
		21B82EA41B9C31E7004C05B5 /* JTCalendarSettings.m in Sources */ = {isa = PBXBuildFile; fileRef = 21B82E851B9C31E7004C05B5 /* JTCalendarSettings.m */; };
		21B82EA51B9C31E7004C05B5 /* JTDateHelper.m in Sources */ = {isa = PBXBuildFile; fileRef = 21B82E871B9C31E7004C05B5 /* JTDateHelper.m */; };
		21B82EA61B9C31E7004C05B5 /* JTCalendarDelegateManager.m in Sources */ = {isa = PBXBuildFile; fileRef = 21B82E8A1B9C31E7004C05B5 /* JTCalendarDelegateManager.m */; };
		21B82EA71B9C31E7004C05B5 /* JTCalendarScrollManager.m in Sources */ = {isa = PBXBuildFile; fileRef = 21B82E8C1B9C31E7004C05B5 /* JTCalendarScrollManager.m */; };
		21B82EA81B9C31E7004C05B5 /* JTCalendarDayView.m in Sources */ = {isa = PBXBuildFile; fileRef = 21B82E961B9C31E7004C05B5 /* JTCalendarDayView.m */; };
		21B82EA91B9C31E7004C05B5 /* JTCalendarMenuView.m in Sources */ = {isa = PBXBuildFile; fileRef = 21B82E981B9C31E7004C05B5 /* JTCalendarMenuView.m */; };
		21B82EAA1B9C31E7004C05B5 /* JTCalendarPageView.m in Sources */ = {isa = PBXBuildFile; fileRef = 21B82E9A1B9C31E7004C05B5 /* JTCalendarPageView.m */; };
		21B82EAB1B9C31E7004C05B5 /* JTCalendarWeekDayView.m in Sources */ = {isa = PBXBuildFile; fileRef = 21B82E9C1B9C31E7004C05B5 /* JTCalendarWeekDayView.m */; };
		21B82EAC1B9C31E7004C05B5 /* JTCalendarWeekView.m in Sources */ = {isa = PBXBuildFile; fileRef = 21B82E9E1B9C31E7004C05B5 /* JTCalendarWeekView.m */; };
		21B82EAD1B9C31E7004C05B5 /* JTHorizontalCalendarView.m in Sources */ = {isa = PBXBuildFile; fileRef = 21B82EA01B9C31E7004C05B5 /* JTHorizontalCalendarView.m */; };
		21B82EAE1B9C31E7004C05B5 /* JTVerticalCalendarView.m in Sources */ = {isa = PBXBuildFile; fileRef = 21B82EA21B9C31E7004C05B5 /* JTVerticalCalendarView.m */; };
		21B9E78E1B6F5EA40067C4D8 /* WorkoutsViewController.m in Sources */ = {isa = PBXBuildFile; fileRef = 21B9E78D1B6F5EA40067C4D8 /* WorkoutsViewController.m */; };
		21B9E7901B6F93FE0067C4D8 /* FBSDKCoreKit.framework in Frameworks */ = {isa = PBXBuildFile; fileRef = 21B9E78F1B6F93FE0067C4D8 /* FBSDKCoreKit.framework */; };
		21B9E7921B6F94450067C4D8 /* FBSDKLoginKit.framework in Frameworks */ = {isa = PBXBuildFile; fileRef = 21B9E7911B6F94450067C4D8 /* FBSDKLoginKit.framework */; };
		21BA94A21B7620050025AC97 /* PersistentStack.m in Sources */ = {isa = PBXBuildFile; fileRef = 21BA94A11B7620050025AC97 /* PersistentStack.m */; };
		21BA94AB1B7643EB0025AC97 /* User.m in Sources */ = {isa = PBXBuildFile; fileRef = 21BA94AA1B7643EB0025AC97 /* User.m */; };
/* End PBXBuildFile section */

/* Begin PBXContainerItemProxy section */
		215156E81B69298200654CEA /* PBXContainerItemProxy */ = {
			isa = PBXContainerItemProxy;
			containerPortal = 215156C61B69298200654CEA /* Project object */;
			proxyType = 1;
			remoteGlobalIDString = 215156CD1B69298200654CEA;
			remoteInfo = kalestenika;
		};
/* End PBXContainerItemProxy section */

/* Begin PBXFileReference section */
		21103F381B95F63700273976 /* ScheduleViewController.h */ = {isa = PBXFileReference; fileEncoding = 4; lastKnownFileType = sourcecode.c.h; path = ScheduleViewController.h; sourceTree = "<group>"; };
		21103F391B95F63700273976 /* ScheduleViewController.m */ = {isa = PBXFileReference; fileEncoding = 4; lastKnownFileType = sourcecode.c.objc; path = ScheduleViewController.m; sourceTree = "<group>"; };
		21103F3B1B95F66600273976 /* PlacesViewController.h */ = {isa = PBXFileReference; fileEncoding = 4; lastKnownFileType = sourcecode.c.h; path = PlacesViewController.h; sourceTree = "<group>"; };
		21103F3C1B95F66600273976 /* PlacesViewController.m */ = {isa = PBXFileReference; fileEncoding = 4; lastKnownFileType = sourcecode.c.objc; path = PlacesViewController.m; sourceTree = "<group>"; };
		21103F3E1B96092D00273976 /* ProgressViewController.h */ = {isa = PBXFileReference; fileEncoding = 4; lastKnownFileType = sourcecode.c.h; path = ProgressViewController.h; sourceTree = "<group>"; };
		21103F3F1B96092D00273976 /* ProgressViewController.m */ = {isa = PBXFileReference; fileEncoding = 4; lastKnownFileType = sourcecode.c.objc; path = ProgressViewController.m; sourceTree = "<group>"; };
		21103F411B960BBD00273976 /* HistoryViewController.h */ = {isa = PBXFileReference; fileEncoding = 4; lastKnownFileType = sourcecode.c.h; path = HistoryViewController.h; sourceTree = "<group>"; };
		21103F421B960BBD00273976 /* HistoryViewController.m */ = {isa = PBXFileReference; fileEncoding = 4; lastKnownFileType = sourcecode.c.objc; path = HistoryViewController.m; sourceTree = "<group>"; };
		21103F4D1B97467100273976 /* schedule_tab.png */ = {isa = PBXFileReference; lastKnownFileType = image.png; path = schedule_tab.png; sourceTree = "<group>"; };
		21103F4E1B97467100273976 /* schedule_tab@2x.png */ = {isa = PBXFileReference; lastKnownFileType = image.png; path = "schedule_tab@2x.png"; sourceTree = "<group>"; };
		21103F4F1B97467100273976 /* schedule_tab@3x.png */ = {isa = PBXFileReference; lastKnownFileType = image.png; path = "schedule_tab@3x.png"; sourceTree = "<group>"; };
		21103F501B97467100273976 /* schedule_toolbar.png */ = {isa = PBXFileReference; lastKnownFileType = image.png; path = schedule_toolbar.png; sourceTree = "<group>"; };
		21103F511B97467100273976 /* schedule_toolbar@2x.png */ = {isa = PBXFileReference; lastKnownFileType = image.png; path = "schedule_toolbar@2x.png"; sourceTree = "<group>"; };
		21103F521B97467100273976 /* schedule_toolbar@3x.png */ = {isa = PBXFileReference; lastKnownFileType = image.png; path = "schedule_toolbar@3x.png"; sourceTree = "<group>"; };
		21103F591B975A6000273976 /* NewWorkoutViewController.h */ = {isa = PBXFileReference; fileEncoding = 4; lastKnownFileType = sourcecode.c.h; path = NewWorkoutViewController.h; sourceTree = "<group>"; };
		21103F5A1B975A6100273976 /* NewWorkoutViewController.m */ = {isa = PBXFileReference; fileEncoding = 4; lastKnownFileType = sourcecode.c.objc; path = NewWorkoutViewController.m; sourceTree = "<group>"; };
		21103F5C1B9776CE00273976 /* add.png */ = {isa = PBXFileReference; lastKnownFileType = image.png; path = add.png; sourceTree = "<group>"; };
		21103F5D1B9776CE00273976 /* add@2x.png */ = {isa = PBXFileReference; lastKnownFileType = image.png; path = "add@2x.png"; sourceTree = "<group>"; };
		21103F5E1B9776CE00273976 /* add@3x.png */ = {isa = PBXFileReference; lastKnownFileType = image.png; path = "add@3x.png"; sourceTree = "<group>"; };
		21103F6E1B978E0D00273976 /* zzz.png */ = {isa = PBXFileReference; lastKnownFileType = image.png; path = zzz.png; sourceTree = "<group>"; };
		21103F6F1B978E0D00273976 /* zzz@2x.png */ = {isa = PBXFileReference; lastKnownFileType = image.png; path = "zzz@2x.png"; sourceTree = "<group>"; };
		21103F701B978E0D00273976 /* zzz@3x.png */ = {isa = PBXFileReference; lastKnownFileType = image.png; path = "zzz@3x.png"; sourceTree = "<group>"; };
		21103F781B97AC4B00273976 /* AddExerciseViewController.h */ = {isa = PBXFileReference; fileEncoding = 4; lastKnownFileType = sourcecode.c.h; path = AddExerciseViewController.h; sourceTree = "<group>"; };
		21103F791B97AC4B00273976 /* AddExerciseViewController.m */ = {isa = PBXFileReference; fileEncoding = 4; lastKnownFileType = sourcecode.c.objc; path = AddExerciseViewController.m; sourceTree = "<group>"; };
		21103F7B1B97B8A300273976 /* NSManagedObject+Remote.h */ = {isa = PBXFileReference; fileEncoding = 4; lastKnownFileType = sourcecode.c.h; path = "NSManagedObject+Remote.h"; sourceTree = "<group>"; };
		21103F7C1B97B8A300273976 /* NSManagedObject+Remote.m */ = {isa = PBXFileReference; fileEncoding = 4; lastKnownFileType = sourcecode.c.objc; path = "NSManagedObject+Remote.m"; sourceTree = "<group>"; };
		21103F7E1B97BD7600273976 /* Exercise.h */ = {isa = PBXFileReference; fileEncoding = 4; lastKnownFileType = sourcecode.c.h; path = Exercise.h; sourceTree = "<group>"; };
		21103F7F1B97BD7600273976 /* Exercise.m */ = {isa = PBXFileReference; fileEncoding = 4; lastKnownFileType = sourcecode.c.objc; path = Exercise.m; sourceTree = "<group>"; };
		21103F811B97C04A00273976 /* ApiDelegate.h */ = {isa = PBXFileReference; fileEncoding = 4; lastKnownFileType = sourcecode.c.h; path = ApiDelegate.h; sourceTree = "<group>"; };
		211440B41B70BC9300609D60 /* GoogleOpenSource.framework */ = {isa = PBXFileReference; lastKnownFileType = wrapper.framework; name = GoogleOpenSource.framework; path = "../../../lib/google-plus-ios-sdk-1.7.1/GoogleOpenSource.framework"; sourceTree = "<group>"; };
		211440B51B70BC9300609D60 /* GooglePlus.framework */ = {isa = PBXFileReference; lastKnownFileType = wrapper.framework; name = GooglePlus.framework; path = "../../../lib/google-plus-ios-sdk-1.7.1/GooglePlus.framework"; sourceTree = "<group>"; };
		211440B91B70BD1B00609D60 /* GooglePlus.bundle */ = {isa = PBXFileReference; lastKnownFileType = "wrapper.plug-in"; name = GooglePlus.bundle; path = "../../../../lib/google-plus-ios-sdk-1.7.1/GooglePlus.bundle"; sourceTree = "<group>"; };
		211440BB1B70D26900609D60 /* CoreGraphics.framework */ = {isa = PBXFileReference; lastKnownFileType = wrapper.framework; name = CoreGraphics.framework; path = System/Library/Frameworks/CoreGraphics.framework; sourceTree = SDKROOT; };
		211440BD1B70D2D000609D60 /* AddressBook.framework */ = {isa = PBXFileReference; lastKnownFileType = wrapper.framework; name = AddressBook.framework; path = System/Library/Frameworks/AddressBook.framework; sourceTree = SDKROOT; };
		211440BE1B70D2D000609D60 /* AssetsLibrary.framework */ = {isa = PBXFileReference; lastKnownFileType = wrapper.framework; name = AssetsLibrary.framework; path = System/Library/Frameworks/AssetsLibrary.framework; sourceTree = SDKROOT; };
		211440BF1B70D2D000609D60 /* CoreLocation.framework */ = {isa = PBXFileReference; lastKnownFileType = wrapper.framework; name = CoreLocation.framework; path = System/Library/Frameworks/CoreLocation.framework; sourceTree = SDKROOT; };
		211440C01B70D2D000609D60 /* CoreMotion.framework */ = {isa = PBXFileReference; lastKnownFileType = wrapper.framework; name = CoreMotion.framework; path = System/Library/Frameworks/CoreMotion.framework; sourceTree = SDKROOT; };
		211440C11B70D2D000609D60 /* CoreText.framework */ = {isa = PBXFileReference; lastKnownFileType = wrapper.framework; name = CoreText.framework; path = System/Library/Frameworks/CoreText.framework; sourceTree = SDKROOT; };
		211440C21B70D2D000609D60 /* Foundation.framework */ = {isa = PBXFileReference; lastKnownFileType = wrapper.framework; name = Foundation.framework; path = System/Library/Frameworks/Foundation.framework; sourceTree = SDKROOT; };
		211440C31B70D2D000609D60 /* MediaPlayer.framework */ = {isa = PBXFileReference; lastKnownFileType = wrapper.framework; name = MediaPlayer.framework; path = System/Library/Frameworks/MediaPlayer.framework; sourceTree = SDKROOT; };
		211440C41B70D2D000609D60 /* Security.framework */ = {isa = PBXFileReference; lastKnownFileType = wrapper.framework; name = Security.framework; path = System/Library/Frameworks/Security.framework; sourceTree = SDKROOT; };
		211440C51B70D2D000609D60 /* SystemConfiguration.framework */ = {isa = PBXFileReference; lastKnownFileType = wrapper.framework; name = SystemConfiguration.framework; path = System/Library/Frameworks/SystemConfiguration.framework; sourceTree = SDKROOT; };
		211440C61B70D2D000609D60 /* UIKit.framework */ = {isa = PBXFileReference; lastKnownFileType = wrapper.framework; name = UIKit.framework; path = System/Library/Frameworks/UIKit.framework; sourceTree = SDKROOT; };
		211440F21B70F6D000609D60 /* TestUser.h */ = {isa = PBXFileReference; fileEncoding = 4; lastKnownFileType = sourcecode.c.h; path = TestUser.h; sourceTree = "<group>"; };
		211440F31B70F6D000609D60 /* TestUser.m */ = {isa = PBXFileReference; fileEncoding = 4; lastKnownFileType = sourcecode.c.objc; path = TestUser.m; sourceTree = "<group>"; };
		211B85B11B6BC3B5006411BE /* WorkoutCell.h */ = {isa = PBXFileReference; fileEncoding = 4; lastKnownFileType = sourcecode.c.h; path = WorkoutCell.h; sourceTree = "<group>"; };
		211B85B21B6BC3B5006411BE /* WorkoutCell.m */ = {isa = PBXFileReference; fileEncoding = 4; lastKnownFileType = sourcecode.c.objc; path = WorkoutCell.m; sourceTree = "<group>"; };
		21367DAC1B7B406E00A9E356 /* DashboardViewController.h */ = {isa = PBXFileReference; fileEncoding = 4; lastKnownFileType = sourcecode.c.h; path = DashboardViewController.h; sourceTree = "<group>"; };
		21367DAD1B7B406E00A9E356 /* DashboardViewController.m */ = {isa = PBXFileReference; fileEncoding = 4; lastKnownFileType = sourcecode.c.objc; path = DashboardViewController.m; sourceTree = "<group>"; };
		21367DB51B7B62AC00A9E356 /* places.png */ = {isa = PBXFileReference; lastKnownFileType = image.png; path = places.png; sourceTree = "<group>"; };
		21367DB61B7B62AC00A9E356 /* places@2x.png */ = {isa = PBXFileReference; lastKnownFileType = image.png; path = "places@2x.png"; sourceTree = "<group>"; };
		21367DB71B7B62AC00A9E356 /* places@3x.png */ = {isa = PBXFileReference; lastKnownFileType = image.png; path = "places@3x.png"; sourceTree = "<group>"; };
		21491FA41B7960C5006A7FBE /* en */ = {isa = PBXFileReference; lastKnownFileType = text.plist.strings; name = en; path = en.lproj/Localizable.strings; sourceTree = "<group>"; };
		21491FA51B796212006A7FBE /* it */ = {isa = PBXFileReference; lastKnownFileType = text.plist.strings; name = it; path = it.lproj/Main.strings; sourceTree = "<group>"; };
		21491FA61B796212006A7FBE /* it */ = {isa = PBXFileReference; lastKnownFileType = text.plist.strings; name = it; path = it.lproj/LaunchScreen.strings; sourceTree = "<group>"; };
		21491FA71B796212006A7FBE /* it */ = {isa = PBXFileReference; lastKnownFileType = text.plist.strings; name = it; path = it.lproj/Localizable.strings; sourceTree = "<group>"; };
		215156CE1B69298200654CEA /* kalestenika.app */ = {isa = PBXFileReference; explicitFileType = wrapper.application; includeInIndex = 0; path = kalestenika.app; sourceTree = BUILT_PRODUCTS_DIR; };
		215156D21B69298200654CEA /* Info.plist */ = {isa = PBXFileReference; lastKnownFileType = text.plist.xml; path = Info.plist; sourceTree = "<group>"; };
		215156D31B69298200654CEA /* main.m */ = {isa = PBXFileReference; lastKnownFileType = sourcecode.c.objc; path = main.m; sourceTree = "<group>"; };
		215156D51B69298200654CEA /* AppDelegate.h */ = {isa = PBXFileReference; lastKnownFileType = sourcecode.c.h; path = AppDelegate.h; sourceTree = "<group>"; };
		215156D61B69298200654CEA /* AppDelegate.m */ = {isa = PBXFileReference; lastKnownFileType = sourcecode.c.objc; path = AppDelegate.m; sourceTree = "<group>"; };
		215156DC1B69298200654CEA /* Base */ = {isa = PBXFileReference; lastKnownFileType = file.storyboard; name = Base; path = Base.lproj/Main.storyboard; sourceTree = "<group>"; };
		215156DE1B69298200654CEA /* Images.xcassets */ = {isa = PBXFileReference; lastKnownFileType = folder.assetcatalog; path = Images.xcassets; sourceTree = "<group>"; };
		215156E11B69298200654CEA /* Base */ = {isa = PBXFileReference; lastKnownFileType = file.xib; name = Base; path = Base.lproj/LaunchScreen.xib; sourceTree = "<group>"; };
		215156E71B69298200654CEA /* kalestenikaTests.xctest */ = {isa = PBXFileReference; explicitFileType = wrapper.cfbundle; includeInIndex = 0; path = kalestenikaTests.xctest; sourceTree = BUILT_PRODUCTS_DIR; };
		215156EC1B69298200654CEA /* Info.plist */ = {isa = PBXFileReference; lastKnownFileType = text.plist.xml; path = Info.plist; sourceTree = "<group>"; };
		215156ED1B69298200654CEA /* kalestenikaTests.m */ = {isa = PBXFileReference; lastKnownFileType = sourcecode.c.objc; path = kalestenikaTests.m; sourceTree = "<group>"; };
		21A1A9661B989F1900F34BDE /* NSManagedObject+Local.h */ = {isa = PBXFileReference; fileEncoding = 4; lastKnownFileType = sourcecode.c.h; path = "NSManagedObject+Local.h"; sourceTree = "<group>"; };
		21A1A9671B989F1900F34BDE /* NSManagedObject+Local.m */ = {isa = PBXFileReference; fileEncoding = 4; lastKnownFileType = sourcecode.c.objc; path = "NSManagedObject+Local.m"; sourceTree = "<group>"; };
		21A1A9691B9905AC00F34BDE /* Record.h */ = {isa = PBXFileReference; fileEncoding = 4; lastKnownFileType = sourcecode.c.h; path = Record.h; sourceTree = "<group>"; };
		21A1A96A1B9905AC00F34BDE /* Record.m */ = {isa = PBXFileReference; fileEncoding = 4; lastKnownFileType = sourcecode.c.objc; path = Record.m; sourceTree = "<group>"; };
		21A1A96F1B99116700F34BDE /* Workout.h */ = {isa = PBXFileReference; fileEncoding = 4; lastKnownFileType = sourcecode.c.h; path = Workout.h; sourceTree = "<group>"; };
		21A1A9701B99116700F34BDE /* Workout.m */ = {isa = PBXFileReference; fileEncoding = 4; lastKnownFileType = sourcecode.c.objc; path = Workout.m; sourceTree = "<group>"; };
		21A83AFB1B6B69C60095DFB8 /* MainViewController.h */ = {isa = PBXFileReference; fileEncoding = 4; lastKnownFileType = sourcecode.c.h; path = MainViewController.h; sourceTree = "<group>"; };
		21A83AFC1B6B69C60095DFB8 /* MainViewController.m */ = {isa = PBXFileReference; fileEncoding = 4; lastKnownFileType = sourcecode.c.objc; path = MainViewController.m; sourceTree = "<group>"; };
		21A83AFE1B6B6A070095DFB8 /* LoginViewController.h */ = {isa = PBXFileReference; fileEncoding = 4; lastKnownFileType = sourcecode.c.h; path = LoginViewController.h; sourceTree = "<group>"; };
		21A83AFF1B6B6A070095DFB8 /* LoginViewController.m */ = {isa = PBXFileReference; fileEncoding = 4; lastKnownFileType = sourcecode.c.objc; path = LoginViewController.m; sourceTree = "<group>"; };
		21A83B021B6B92F70095DFB8 /* muscle.png */ = {isa = PBXFileReference; lastKnownFileType = image.png; path = muscle.png; sourceTree = "<group>"; };
		21A83B031B6B92F70095DFB8 /* muscle@2x.png */ = {isa = PBXFileReference; lastKnownFileType = image.png; path = "muscle@2x.png"; sourceTree = "<group>"; };
		21A83B041B6B92F70095DFB8 /* muscle@3x.png */ = {isa = PBXFileReference; lastKnownFileType = image.png; path = "muscle@3x.png"; sourceTree = "<group>"; };
		21A83B0E1B6B9BB70095DFB8 /* Constants.m */ = {isa = PBXFileReference; fileEncoding = 4; lastKnownFileType = sourcecode.c.objc; path = Constants.m; sourceTree = "<group>"; };
		21A83B101B6B9D2D0095DFB8 /* Constants.h */ = {isa = PBXFileReference; fileEncoding = 4; lastKnownFileType = sourcecode.c.h; path = Constants.h; sourceTree = "<group>"; };
		21AE931D1B9C7EF4000D28BE /* dashboard.png */ = {isa = PBXFileReference; lastKnownFileType = image.png; path = dashboard.png; sourceTree = "<group>"; };
		21AE931E1B9C7EF4000D28BE /* dashboard@2x.png */ = {isa = PBXFileReference; lastKnownFileType = image.png; path = "dashboard@2x.png"; sourceTree = "<group>"; };
		21AE931F1B9C7EF4000D28BE /* dashboard@3x.png */ = {isa = PBXFileReference; lastKnownFileType = image.png; path = "dashboard@3x.png"; sourceTree = "<group>"; };
		21AE93241B9C8C91000D28BE /* MapKit.framework */ = {isa = PBXFileReference; lastKnownFileType = wrapper.framework; name = MapKit.framework; path = System/Library/Frameworks/MapKit.framework; sourceTree = SDKROOT; };
		21AE93261B9CB842000D28BE /* position.png */ = {isa = PBXFileReference; lastKnownFileType = image.png; path = position.png; sourceTree = "<group>"; };
		21AE93271B9CB842000D28BE /* position@2x.png */ = {isa = PBXFileReference; lastKnownFileType = image.png; path = "position@2x.png"; sourceTree = "<group>"; };
		21AE93281B9CB842000D28BE /* position@3x.png */ = {isa = PBXFileReference; lastKnownFileType = image.png; path = "position@3x.png"; sourceTree = "<group>"; };
		21AE93321B9D09F0000D28BE /* Place.h */ = {isa = PBXFileReference; fileEncoding = 4; lastKnownFileType = sourcecode.c.h; path = Place.h; sourceTree = "<group>"; };
		21AE93331B9D09F0000D28BE /* Place.m */ = {isa = PBXFileReference; fileEncoding = 4; lastKnownFileType = sourcecode.c.objc; path = Place.m; sourceTree = "<group>"; };
		21AE93351B9D8AB8000D28BE /* Session.h */ = {isa = PBXFileReference; fileEncoding = 4; lastKnownFileType = sourcecode.c.h; path = Session.h; sourceTree = "<group>"; };
		21AE93361B9D8AB8000D28BE /* Session.m */ = {isa = PBXFileReference; fileEncoding = 4; lastKnownFileType = sourcecode.c.objc; path = Session.m; sourceTree = "<group>"; };
		21AE934A1B9D8E74000D28BE /* SaveSessionViewController.h */ = {isa = PBXFileReference; fileEncoding = 4; lastKnownFileType = sourcecode.c.h; path = SaveSessionViewController.h; sourceTree = "<group>"; };
		21AE934B1B9D8E74000D28BE /* SaveSessionViewController.m */ = {isa = PBXFileReference; fileEncoding = 4; lastKnownFileType = sourcecode.c.objc; path = SaveSessionViewController.m; sourceTree = "<group>"; };
		21AE934E1B9D9111000D28BE /* HCSStarRatingView.h */ = {isa = PBXFileReference; fileEncoding = 4; lastKnownFileType = sourcecode.c.h; path = HCSStarRatingView.h; sourceTree = "<group>"; };
		21AE934F1B9D9111000D28BE /* HCSStarRatingView.m */ = {isa = PBXFileReference; fileEncoding = 4; lastKnownFileType = sourcecode.c.objc; path = HCSStarRatingView.m; sourceTree = "<group>"; };
		21AE93501B9D9111000D28BE /* Info.plist */ = {isa = PBXFileReference; fileEncoding = 4; lastKnownFileType = text.plist.xml; path = Info.plist; sourceTree = "<group>"; };
		21AE93531B9DA290000D28BE /* facebook.png */ = {isa = PBXFileReference; lastKnownFileType = image.png; path = facebook.png; sourceTree = "<group>"; };
		21AE93541B9DA290000D28BE /* facebook@2x.png */ = {isa = PBXFileReference; lastKnownFileType = image.png; path = "facebook@2x.png"; sourceTree = "<group>"; };
		21AE93551B9DA290000D28BE /* facebook@3x.png */ = {isa = PBXFileReference; lastKnownFileType = image.png; path = "facebook@3x.png"; sourceTree = "<group>"; };
		21AE93561B9DA290000D28BE /* google.png */ = {isa = PBXFileReference; lastKnownFileType = image.png; path = google.png; sourceTree = "<group>"; };
		21AE93571B9DA290000D28BE /* google@2x.png */ = {isa = PBXFileReference; lastKnownFileType = image.png; path = "google@2x.png"; sourceTree = "<group>"; };
		21AE93581B9DA290000D28BE /* google@3x.png */ = {isa = PBXFileReference; lastKnownFileType = image.png; path = "google@3x.png"; sourceTree = "<group>"; };
		21AE935F1B9DA6BF000D28BE /* PlaceAnnotation.h */ = {isa = PBXFileReference; fileEncoding = 4; lastKnownFileType = sourcecode.c.h; path = PlaceAnnotation.h; sourceTree = "<group>"; };
		21AE93601B9DA6BF000D28BE /* PlaceAnnotation.m */ = {isa = PBXFileReference; fileEncoding = 4; lastKnownFileType = sourcecode.c.objc; path = PlaceAnnotation.m; sourceTree = "<group>"; };
		21AE93621B9DC3D2000D28BE /* remove.png */ = {isa = PBXFileReference; lastKnownFileType = image.png; name = remove.png; path = kalestenika/Images/remove.png; sourceTree = SOURCE_ROOT; };
		21AE93631B9DC3D2000D28BE /* remove@2x.png */ = {isa = PBXFileReference; lastKnownFileType = image.png; name = "remove@2x.png"; path = "kalestenika/Images/remove@2x.png"; sourceTree = SOURCE_ROOT; };
		21AE93641B9DC3D2000D28BE /* remove@3x.png */ = {isa = PBXFileReference; lastKnownFileType = image.png; name = "remove@3x.png"; path = "kalestenika/Images/remove@3x.png"; sourceTree = SOURCE_ROOT; };
		21B300AB1B7250A800CB18B6 /* Kalestenika.xcdatamodel */ = {isa = PBXFileReference; lastKnownFileType = wrapper.xcdatamodel; path = Kalestenika.xcdatamodel; sourceTree = "<group>"; };
		21B82E561B9B02B3004C05B5 /* WaitingData.h */ = {isa = PBXFileReference; fileEncoding = 4; lastKnownFileType = sourcecode.c.h; path = WaitingData.h; sourceTree = "<group>"; };
		21B82E5A1B9B8FDA004C05B5 /* requirement_running.png */ = {isa = PBXFileReference; lastKnownFileType = image.png; path = requirement_running.png; sourceTree = "<group>"; };
		21B82E5B1B9B8FDA004C05B5 /* requirement_running@2x.png */ = {isa = PBXFileReference; lastKnownFileType = image.png; path = "requirement_running@2x.png"; sourceTree = "<group>"; };
		21B82E5C1B9B8FDA004C05B5 /* requirement_running@3x.png */ = {isa = PBXFileReference; lastKnownFileType = image.png; path = "requirement_running@3x.png"; sourceTree = "<group>"; };
		21B82E601B9B914F004C05B5 /* requirement_bar.png */ = {isa = PBXFileReference; lastKnownFileType = image.png; path = requirement_bar.png; sourceTree = "<group>"; };
		21B82E611B9B914F004C05B5 /* requirement_bar@2x.png */ = {isa = PBXFileReference; lastKnownFileType = image.png; path = "requirement_bar@2x.png"; sourceTree = "<group>"; };
		21B82E621B9B914F004C05B5 /* requirement_bar@3x.png */ = {isa = PBXFileReference; lastKnownFileType = image.png; path = "requirement_bar@3x.png"; sourceTree = "<group>"; };
		21B82E671B9B9C11004C05B5 /* requirement_kettlebell.png */ = {isa = PBXFileReference; lastKnownFileType = image.png; path = requirement_kettlebell.png; sourceTree = "<group>"; };
		21B82E681B9B9C11004C05B5 /* requirement_kettlebell@2x.png */ = {isa = PBXFileReference; lastKnownFileType = image.png; path = "requirement_kettlebell@2x.png"; sourceTree = "<group>"; };
		21B82E691B9B9C11004C05B5 /* requirement_kettlebell@3x.png */ = {isa = PBXFileReference; lastKnownFileType = image.png; path = "requirement_kettlebell@3x.png"; sourceTree = "<group>"; };
		21B82E6A1B9B9C11004C05B5 /* requirement_rings.png */ = {isa = PBXFileReference; lastKnownFileType = image.png; path = requirement_rings.png; sourceTree = "<group>"; };
		21B82E6B1B9B9C11004C05B5 /* requirement_rings@2x.png */ = {isa = PBXFileReference; lastKnownFileType = image.png; path = "requirement_rings@2x.png"; sourceTree = "<group>"; };
		21B82E6C1B9B9C11004C05B5 /* requirement_rings@3x.png */ = {isa = PBXFileReference; lastKnownFileType = image.png; path = "requirement_rings@3x.png"; sourceTree = "<group>"; };
		21B82E6D1B9B9C11004C05B5 /* requirement_rope.png */ = {isa = PBXFileReference; lastKnownFileType = image.png; path = requirement_rope.png; sourceTree = "<group>"; };
		21B82E6E1B9B9C11004C05B5 /* requirement_rope@2x.png */ = {isa = PBXFileReference; lastKnownFileType = image.png; path = "requirement_rope@2x.png"; sourceTree = "<group>"; };
		21B82E6F1B9B9C11004C05B5 /* requirement_rope@3x.png */ = {isa = PBXFileReference; lastKnownFileType = image.png; path = "requirement_rope@3x.png"; sourceTree = "<group>"; };
		21B82E791B9BA149004C05B5 /* WorkoutDetailViewController.h */ = {isa = PBXFileReference; fileEncoding = 4; lastKnownFileType = sourcecode.c.h; path = WorkoutDetailViewController.h; sourceTree = "<group>"; };
		21B82E7A1B9BA149004C05B5 /* WorkoutDetailViewController.m */ = {isa = PBXFileReference; fileEncoding = 4; lastKnownFileType = sourcecode.c.objc; path = WorkoutDetailViewController.m; sourceTree = "<group>"; };
		21B82E7C1B9BC686004C05B5 /* SessionViewController.h */ = {isa = PBXFileReference; fileEncoding = 4; lastKnownFileType = sourcecode.c.h; path = SessionViewController.h; sourceTree = "<group>"; };
		21B82E7D1B9BC686004C05B5 /* SessionViewController.m */ = {isa = PBXFileReference; fileEncoding = 4; lastKnownFileType = sourcecode.c.objc; path = SessionViewController.m; sourceTree = "<group>"; };
		21B82E801B9C31E7004C05B5 /* JTCalendar.h */ = {isa = PBXFileReference; fileEncoding = 4; lastKnownFileType = sourcecode.c.h; path = JTCalendar.h; sourceTree = "<group>"; };
		21B82E811B9C31E7004C05B5 /* JTCalendarDelegate.h */ = {isa = PBXFileReference; fileEncoding = 4; lastKnownFileType = sourcecode.c.h; path = JTCalendarDelegate.h; sourceTree = "<group>"; };
		21B82E821B9C31E7004C05B5 /* JTCalendarManager.h */ = {isa = PBXFileReference; fileEncoding = 4; lastKnownFileType = sourcecode.c.h; path = JTCalendarManager.h; sourceTree = "<group>"; };
		21B82E831B9C31E7004C05B5 /* JTCalendarManager.m */ = {isa = PBXFileReference; fileEncoding = 4; lastKnownFileType = sourcecode.c.objc; path = JTCalendarManager.m; sourceTree = "<group>"; };
		21B82E841B9C31E7004C05B5 /* JTCalendarSettings.h */ = {isa = PBXFileReference; fileEncoding = 4; lastKnownFileType = sourcecode.c.h; path = JTCalendarSettings.h; sourceTree = "<group>"; };
		21B82E851B9C31E7004C05B5 /* JTCalendarSettings.m */ = {isa = PBXFileReference; fileEncoding = 4; lastKnownFileType = sourcecode.c.objc; path = JTCalendarSettings.m; sourceTree = "<group>"; };
		21B82E861B9C31E7004C05B5 /* JTDateHelper.h */ = {isa = PBXFileReference; fileEncoding = 4; lastKnownFileType = sourcecode.c.h; path = JTDateHelper.h; sourceTree = "<group>"; };
		21B82E871B9C31E7004C05B5 /* JTDateHelper.m */ = {isa = PBXFileReference; fileEncoding = 4; lastKnownFileType = sourcecode.c.objc; path = JTDateHelper.m; sourceTree = "<group>"; };
		21B82E891B9C31E7004C05B5 /* JTCalendarDelegateManager.h */ = {isa = PBXFileReference; fileEncoding = 4; lastKnownFileType = sourcecode.c.h; path = JTCalendarDelegateManager.h; sourceTree = "<group>"; };
		21B82E8A1B9C31E7004C05B5 /* JTCalendarDelegateManager.m */ = {isa = PBXFileReference; fileEncoding = 4; lastKnownFileType = sourcecode.c.objc; path = JTCalendarDelegateManager.m; sourceTree = "<group>"; };
		21B82E8B1B9C31E7004C05B5 /* JTCalendarScrollManager.h */ = {isa = PBXFileReference; fileEncoding = 4; lastKnownFileType = sourcecode.c.h; path = JTCalendarScrollManager.h; sourceTree = "<group>"; };
		21B82E8C1B9C31E7004C05B5 /* JTCalendarScrollManager.m */ = {isa = PBXFileReference; fileEncoding = 4; lastKnownFileType = sourcecode.c.objc; path = JTCalendarScrollManager.m; sourceTree = "<group>"; };
		21B82E8E1B9C31E7004C05B5 /* JTCalendarDay.h */ = {isa = PBXFileReference; fileEncoding = 4; lastKnownFileType = sourcecode.c.h; path = JTCalendarDay.h; sourceTree = "<group>"; };
		21B82E8F1B9C31E7004C05B5 /* JTCalendarPage.h */ = {isa = PBXFileReference; fileEncoding = 4; lastKnownFileType = sourcecode.c.h; path = JTCalendarPage.h; sourceTree = "<group>"; };
		21B82E901B9C31E7004C05B5 /* JTCalendarWeek.h */ = {isa = PBXFileReference; fileEncoding = 4; lastKnownFileType = sourcecode.c.h; path = JTCalendarWeek.h; sourceTree = "<group>"; };
		21B82E911B9C31E7004C05B5 /* JTCalendarWeekDay.h */ = {isa = PBXFileReference; fileEncoding = 4; lastKnownFileType = sourcecode.c.h; path = JTCalendarWeekDay.h; sourceTree = "<group>"; };
		21B82E921B9C31E7004C05B5 /* JTContent.h */ = {isa = PBXFileReference; fileEncoding = 4; lastKnownFileType = sourcecode.c.h; path = JTContent.h; sourceTree = "<group>"; };
		21B82E931B9C31E7004C05B5 /* JTMenu.h */ = {isa = PBXFileReference; fileEncoding = 4; lastKnownFileType = sourcecode.c.h; path = JTMenu.h; sourceTree = "<group>"; };
		21B82E951B9C31E7004C05B5 /* JTCalendarDayView.h */ = {isa = PBXFileReference; fileEncoding = 4; lastKnownFileType = sourcecode.c.h; path = JTCalendarDayView.h; sourceTree = "<group>"; };
		21B82E961B9C31E7004C05B5 /* JTCalendarDayView.m */ = {isa = PBXFileReference; fileEncoding = 4; lastKnownFileType = sourcecode.c.objc; path = JTCalendarDayView.m; sourceTree = "<group>"; };
		21B82E971B9C31E7004C05B5 /* JTCalendarMenuView.h */ = {isa = PBXFileReference; fileEncoding = 4; lastKnownFileType = sourcecode.c.h; path = JTCalendarMenuView.h; sourceTree = "<group>"; };
		21B82E981B9C31E7004C05B5 /* JTCalendarMenuView.m */ = {isa = PBXFileReference; fileEncoding = 4; lastKnownFileType = sourcecode.c.objc; path = JTCalendarMenuView.m; sourceTree = "<group>"; };
		21B82E991B9C31E7004C05B5 /* JTCalendarPageView.h */ = {isa = PBXFileReference; fileEncoding = 4; lastKnownFileType = sourcecode.c.h; path = JTCalendarPageView.h; sourceTree = "<group>"; };
		21B82E9A1B9C31E7004C05B5 /* JTCalendarPageView.m */ = {isa = PBXFileReference; fileEncoding = 4; lastKnownFileType = sourcecode.c.objc; path = JTCalendarPageView.m; sourceTree = "<group>"; };
		21B82E9B1B9C31E7004C05B5 /* JTCalendarWeekDayView.h */ = {isa = PBXFileReference; fileEncoding = 4; lastKnownFileType = sourcecode.c.h; path = JTCalendarWeekDayView.h; sourceTree = "<group>"; };
		21B82E9C1B9C31E7004C05B5 /* JTCalendarWeekDayView.m */ = {isa = PBXFileReference; fileEncoding = 4; lastKnownFileType = sourcecode.c.objc; path = JTCalendarWeekDayView.m; sourceTree = "<group>"; };
		21B82E9D1B9C31E7004C05B5 /* JTCalendarWeekView.h */ = {isa = PBXFileReference; fileEncoding = 4; lastKnownFileType = sourcecode.c.h; path = JTCalendarWeekView.h; sourceTree = "<group>"; };
		21B82E9E1B9C31E7004C05B5 /* JTCalendarWeekView.m */ = {isa = PBXFileReference; fileEncoding = 4; lastKnownFileType = sourcecode.c.objc; path = JTCalendarWeekView.m; sourceTree = "<group>"; };
		21B82E9F1B9C31E7004C05B5 /* JTHorizontalCalendarView.h */ = {isa = PBXFileReference; fileEncoding = 4; lastKnownFileType = sourcecode.c.h; path = JTHorizontalCalendarView.h; sourceTree = "<group>"; };
		21B82EA01B9C31E7004C05B5 /* JTHorizontalCalendarView.m */ = {isa = PBXFileReference; fileEncoding = 4; lastKnownFileType = sourcecode.c.objc; path = JTHorizontalCalendarView.m; sourceTree = "<group>"; };
		21B82EA11B9C31E7004C05B5 /* JTVerticalCalendarView.h */ = {isa = PBXFileReference; fileEncoding = 4; lastKnownFileType = sourcecode.c.h; path = JTVerticalCalendarView.h; sourceTree = "<group>"; };
		21B82EA21B9C31E7004C05B5 /* JTVerticalCalendarView.m */ = {isa = PBXFileReference; fileEncoding = 4; lastKnownFileType = sourcecode.c.objc; path = JTVerticalCalendarView.m; sourceTree = "<group>"; };
		21B9E78C1B6F5EA40067C4D8 /* WorkoutsViewController.h */ = {isa = PBXFileReference; fileEncoding = 4; lastKnownFileType = sourcecode.c.h; path = WorkoutsViewController.h; sourceTree = "<group>"; };
		21B9E78D1B6F5EA40067C4D8 /* WorkoutsViewController.m */ = {isa = PBXFileReference; fileEncoding = 4; lastKnownFileType = sourcecode.c.objc; path = WorkoutsViewController.m; sourceTree = "<group>"; };
		21B9E78F1B6F93FE0067C4D8 /* FBSDKCoreKit.framework */ = {isa = PBXFileReference; lastKnownFileType = wrapper.framework; name = FBSDKCoreKit.framework; path = ../../../../Documents/FacebookSDK/FBSDKCoreKit.framework; sourceTree = "<group>"; };
		21B9E7911B6F94450067C4D8 /* FBSDKLoginKit.framework */ = {isa = PBXFileReference; lastKnownFileType = wrapper.framework; name = FBSDKLoginKit.framework; path = ../../../../Documents/FacebookSDK/FBSDKLoginKit.framework; sourceTree = "<group>"; };
		21BA94A01B7620050025AC97 /* PersistentStack.h */ = {isa = PBXFileReference; fileEncoding = 4; lastKnownFileType = sourcecode.c.h; path = PersistentStack.h; sourceTree = "<group>"; };
		21BA94A11B7620050025AC97 /* PersistentStack.m */ = {isa = PBXFileReference; fileEncoding = 4; lastKnownFileType = sourcecode.c.objc; path = PersistentStack.m; sourceTree = "<group>"; };
		21BA94A91B7643EB0025AC97 /* User.h */ = {isa = PBXFileReference; fileEncoding = 4; lastKnownFileType = sourcecode.c.h; path = User.h; sourceTree = "<group>"; };
		21BA94AA1B7643EB0025AC97 /* User.m */ = {isa = PBXFileReference; fileEncoding = 4; lastKnownFileType = sourcecode.c.objc; path = User.m; sourceTree = "<group>"; };
/* End PBXFileReference section */

/* Begin PBXFrameworksBuildPhase section */
		215156CB1B69298200654CEA /* Frameworks */ = {
			isa = PBXFrameworksBuildPhase;
			buildActionMask = 2147483647;
			files = (
				211440C71B70D2D000609D60 /* AddressBook.framework in Frameworks */,
				211440C81B70D2D000609D60 /* AssetsLibrary.framework in Frameworks */,
				21AE93251B9C8C91000D28BE /* MapKit.framework in Frameworks */,
				211440C91B70D2D000609D60 /* CoreLocation.framework in Frameworks */,
				211440CA1B70D2D000609D60 /* CoreMotion.framework in Frameworks */,
				211440CB1B70D2D000609D60 /* CoreText.framework in Frameworks */,
				211440CC1B70D2D000609D60 /* Foundation.framework in Frameworks */,
				211440CD1B70D2D100609D60 /* MediaPlayer.framework in Frameworks */,
				211440CE1B70D2D100609D60 /* Security.framework in Frameworks */,
				211440CF1B70D2D100609D60 /* SystemConfiguration.framework in Frameworks */,
				211440D01B70D2D100609D60 /* UIKit.framework in Frameworks */,
				211440BC1B70D26900609D60 /* CoreGraphics.framework in Frameworks */,
				21B9E7921B6F94450067C4D8 /* FBSDKLoginKit.framework in Frameworks */,
				211440B71B70BC9300609D60 /* GooglePlus.framework in Frameworks */,
				211440B61B70BC9300609D60 /* GoogleOpenSource.framework in Frameworks */,
				21B9E7901B6F93FE0067C4D8 /* FBSDKCoreKit.framework in Frameworks */,
			);
			runOnlyForDeploymentPostprocessing = 0;
		};
		215156E41B69298200654CEA /* Frameworks */ = {
			isa = PBXFrameworksBuildPhase;
			buildActionMask = 2147483647;
			files = (
			);
			runOnlyForDeploymentPostprocessing = 0;
		};
/* End PBXFrameworksBuildPhase section */

/* Begin PBXGroup section */
		21103F771B97AC0F00273976 /* Workout */ = {
			isa = PBXGroup;
			children = (
				21B9E78C1B6F5EA40067C4D8 /* WorkoutsViewController.h */,
				21B9E78D1B6F5EA40067C4D8 /* WorkoutsViewController.m */,
				21103F591B975A6000273976 /* NewWorkoutViewController.h */,
				21103F5A1B975A6100273976 /* NewWorkoutViewController.m */,
				21103F781B97AC4B00273976 /* AddExerciseViewController.h */,
				21103F791B97AC4B00273976 /* AddExerciseViewController.m */,
				21B82E791B9BA149004C05B5 /* WorkoutDetailViewController.h */,
				21B82E7A1B9BA149004C05B5 /* WorkoutDetailViewController.m */,
				21B82E7C1B9BC686004C05B5 /* SessionViewController.h */,
				21B82E7D1B9BC686004C05B5 /* SessionViewController.m */,
				21AE934A1B9D8E74000D28BE /* SaveSessionViewController.h */,
				21AE934B1B9D8E74000D28BE /* SaveSessionViewController.m */,
			);
			name = Workout;
			sourceTree = "<group>";
		};
		211440B81B70BCA800609D60 /* Frameworks */ = {
			isa = PBXGroup;
			children = (
				21AE93241B9C8C91000D28BE /* MapKit.framework */,
				211440BD1B70D2D000609D60 /* AddressBook.framework */,
				211440BE1B70D2D000609D60 /* AssetsLibrary.framework */,
				211440BF1B70D2D000609D60 /* CoreLocation.framework */,
				211440C01B70D2D000609D60 /* CoreMotion.framework */,
				211440C11B70D2D000609D60 /* CoreText.framework */,
				211440C21B70D2D000609D60 /* Foundation.framework */,
				211440C31B70D2D000609D60 /* MediaPlayer.framework */,
				211440C41B70D2D000609D60 /* Security.framework */,
				211440C51B70D2D000609D60 /* SystemConfiguration.framework */,
				211440C61B70D2D000609D60 /* UIKit.framework */,
				211440BB1B70D26900609D60 /* CoreGraphics.framework */,
				211440B41B70BC9300609D60 /* GoogleOpenSource.framework */,
				211440B51B70BC9300609D60 /* GooglePlus.framework */,
				21B9E7911B6F94450067C4D8 /* FBSDKLoginKit.framework */,
				21B9E78F1B6F93FE0067C4D8 /* FBSDKCoreKit.framework */,
			);
			name = Frameworks;
			sourceTree = "<group>";
		};
		211440F11B70F60100609D60 /* Data */ = {
			isa = PBXGroup;
			children = (
				211440F21B70F6D000609D60 /* TestUser.h */,
				211440F31B70F6D000609D60 /* TestUser.m */,
			);
			path = Data;
			sourceTree = "<group>";
		};
		21491F921B78F140006A7FBE /* DashboardTabs */ = {
			isa = PBXGroup;
			children = (
				21103F3E1B96092D00273976 /* ProgressViewController.h */,
				21103F3F1B96092D00273976 /* ProgressViewController.m */,
				21103F411B960BBD00273976 /* HistoryViewController.h */,
				21103F421B960BBD00273976 /* HistoryViewController.m */,
			);
			name = DashboardTabs;
			sourceTree = "<group>";
		};
		215156C51B69298200654CEA = {
			isa = PBXGroup;
			children = (
				211440B81B70BCA800609D60 /* Frameworks */,
				215156D01B69298200654CEA /* kalestenika */,
				215156EA1B69298200654CEA /* kalestenikaTests */,
				215156CF1B69298200654CEA /* Products */,
			);
			sourceTree = "<group>";
		};
		215156CF1B69298200654CEA /* Products */ = {
			isa = PBXGroup;
			children = (
				215156CE1B69298200654CEA /* kalestenika.app */,
				215156E71B69298200654CEA /* kalestenikaTests.xctest */,
			);
			name = Products;
			sourceTree = "<group>";
		};
		215156D01B69298200654CEA /* kalestenika */ = {
			isa = PBXGroup;
			children = (
				215156DB1B69298200654CEA /* Main.storyboard */,
				215156D51B69298200654CEA /* AppDelegate.h */,
				215156D61B69298200654CEA /* AppDelegate.m */,
				21A83B101B6B9D2D0095DFB8 /* Constants.h */,
				21A83B0E1B6B9BB70095DFB8 /* Constants.m */,
				21B300A91B72509800CB18B6 /* DataModel */,
				21A83AFA1B6B695C0095DFB8 /* ViewControllers */,
				21A83B141B6BB6740095DFB8 /* CustomViews */,
				211440F11B70F60100609D60 /* Data */,
				21A83B011B6B926E0095DFB8 /* Images */,
				215156DE1B69298200654CEA /* Images.xcassets */,
				215156E01B69298200654CEA /* LaunchScreen.xib */,
				21491FA21B7960B6006A7FBE /* Localizable.strings */,
				215156D11B69298200654CEA /* Supporting Files */,
			);
			path = kalestenika;
			sourceTree = "<group>";
		};
		215156D11B69298200654CEA /* Supporting Files */ = {
			isa = PBXGroup;
			children = (
				215156D21B69298200654CEA /* Info.plist */,
				215156D31B69298200654CEA /* main.m */,
				211440B91B70BD1B00609D60 /* GooglePlus.bundle */,
			);
			name = "Supporting Files";
			sourceTree = "<group>";
		};
		215156EA1B69298200654CEA /* kalestenikaTests */ = {
			isa = PBXGroup;
			children = (
				215156ED1B69298200654CEA /* kalestenikaTests.m */,
				215156EB1B69298200654CEA /* Supporting Files */,
			);
			path = kalestenikaTests;
			sourceTree = "<group>";
		};
		215156EB1B69298200654CEA /* Supporting Files */ = {
			isa = PBXGroup;
			children = (
				215156EC1B69298200654CEA /* Info.plist */,
			);
			name = "Supporting Files";
			sourceTree = "<group>";
		};
		21A83AFA1B6B695C0095DFB8 /* ViewControllers */ = {
			isa = PBXGroup;
			children = (
				21A83AFB1B6B69C60095DFB8 /* MainViewController.h */,
				21A83AFC1B6B69C60095DFB8 /* MainViewController.m */,
				21A83AFE1B6B6A070095DFB8 /* LoginViewController.h */,
				21A83AFF1B6B6A070095DFB8 /* LoginViewController.m */,
				21103F771B97AC0F00273976 /* Workout */,
				21367DAC1B7B406E00A9E356 /* DashboardViewController.h */,
				21367DAD1B7B406E00A9E356 /* DashboardViewController.m */,
				21491F921B78F140006A7FBE /* DashboardTabs */,
				21103F381B95F63700273976 /* ScheduleViewController.h */,
				21103F391B95F63700273976 /* ScheduleViewController.m */,
				21103F3B1B95F66600273976 /* PlacesViewController.h */,
				21103F3C1B95F66600273976 /* PlacesViewController.m */,
				21B82E561B9B02B3004C05B5 /* WaitingData.h */,
				21AE935F1B9DA6BF000D28BE /* PlaceAnnotation.h */,
				21AE93601B9DA6BF000D28BE /* PlaceAnnotation.m */,
			);
			path = ViewControllers;
			sourceTree = "<group>";
		};
		21A83B011B6B926E0095DFB8 /* Images */ = {
			isa = PBXGroup;
			children = (
				21B82E661B9B9154004C05B5 /* requirements */,
				21AE93231B9C7F0A000D28BE /* TabBar */,
				21103F5C1B9776CE00273976 /* add.png */,
				21103F5D1B9776CE00273976 /* add@2x.png */,
				21103F5E1B9776CE00273976 /* add@3x.png */,
				21AE93531B9DA290000D28BE /* facebook.png */,
				21AE93541B9DA290000D28BE /* facebook@2x.png */,
				21AE93551B9DA290000D28BE /* facebook@3x.png */,
				21AE93561B9DA290000D28BE /* google.png */,
				21AE93571B9DA290000D28BE /* google@2x.png */,
				21AE93581B9DA290000D28BE /* google@3x.png */,
				21AE93261B9CB842000D28BE /* position.png */,
				21AE93271B9CB842000D28BE /* position@2x.png */,
				21AE93281B9CB842000D28BE /* position@3x.png */,
				21103F501B97467100273976 /* schedule_toolbar.png */,
				21103F511B97467100273976 /* schedule_toolbar@2x.png */,
				21103F521B97467100273976 /* schedule_toolbar@3x.png */,
				21103F6E1B978E0D00273976 /* zzz.png */,
				21103F6F1B978E0D00273976 /* zzz@2x.png */,
				21103F701B978E0D00273976 /* zzz@3x.png */,
			);
			path = Images;
			sourceTree = "<group>";
		};
		21A83B141B6BB6740095DFB8 /* CustomViews */ = {
			isa = PBXGroup;
			children = (
				21AE93621B9DC3D2000D28BE /* remove.png */,
				21AE93631B9DC3D2000D28BE /* remove@2x.png */,
				21AE93641B9DC3D2000D28BE /* remove@3x.png */,
				21AE934D1B9D9111000D28BE /* HCSStarRatingView */,
				21B82E7F1B9C31E7004C05B5 /* JTCalendar */,
				211B85B11B6BC3B5006411BE /* WorkoutCell.h */,
				211B85B21B6BC3B5006411BE /* WorkoutCell.m */,
			);
			path = CustomViews;
			sourceTree = "<group>";
		};
		21AE93231B9C7F0A000D28BE /* TabBar */ = {
			isa = PBXGroup;
			children = (
				21A83B021B6B92F70095DFB8 /* muscle.png */,
				21A83B031B6B92F70095DFB8 /* muscle@2x.png */,
				21A83B041B6B92F70095DFB8 /* muscle@3x.png */,
				21AE931D1B9C7EF4000D28BE /* dashboard.png */,
				21AE931E1B9C7EF4000D28BE /* dashboard@2x.png */,
				21AE931F1B9C7EF4000D28BE /* dashboard@3x.png */,
				21103F4D1B97467100273976 /* schedule_tab.png */,
				21103F4E1B97467100273976 /* schedule_tab@2x.png */,
				21103F4F1B97467100273976 /* schedule_tab@3x.png */,
				21367DB51B7B62AC00A9E356 /* places.png */,
				21367DB61B7B62AC00A9E356 /* places@2x.png */,
				21367DB71B7B62AC00A9E356 /* places@3x.png */,
			);
			name = TabBar;
			sourceTree = "<group>";
		};
		21AE934D1B9D9111000D28BE /* HCSStarRatingView */ = {
			isa = PBXGroup;
			children = (
				21AE934E1B9D9111000D28BE /* HCSStarRatingView.h */,
				21AE934F1B9D9111000D28BE /* HCSStarRatingView.m */,
				21AE93501B9D9111000D28BE /* Info.plist */,
			);
			path = HCSStarRatingView;
			sourceTree = "<group>";
		};
		21B300A91B72509800CB18B6 /* DataModel */ = {
			isa = PBXGroup;
			children = (
				21BA94A01B7620050025AC97 /* PersistentStack.h */,
				21BA94A11B7620050025AC97 /* PersistentStack.m */,
				21B300AA1B7250A800CB18B6 /* Kalestenika.xcdatamodeld */,
				21BA94A91B7643EB0025AC97 /* User.h */,
				21BA94AA1B7643EB0025AC97 /* User.m */,
				21103F7E1B97BD7600273976 /* Exercise.h */,
				21103F7F1B97BD7600273976 /* Exercise.m */,
				21A1A9691B9905AC00F34BDE /* Record.h */,
				21A1A96A1B9905AC00F34BDE /* Record.m */,
				21A1A96F1B99116700F34BDE /* Workout.h */,
				21A1A9701B99116700F34BDE /* Workout.m */,
				21AE93321B9D09F0000D28BE /* Place.h */,
				21AE93331B9D09F0000D28BE /* Place.m */,
				21AE93351B9D8AB8000D28BE /* Session.h */,
				21AE93361B9D8AB8000D28BE /* Session.m */,
				21A1A9661B989F1900F34BDE /* NSManagedObject+Local.h */,
				21A1A9671B989F1900F34BDE /* NSManagedObject+Local.m */,
				21103F7B1B97B8A300273976 /* NSManagedObject+Remote.h */,
				21103F7C1B97B8A300273976 /* NSManagedObject+Remote.m */,
				21103F811B97C04A00273976 /* ApiDelegate.h */,
			);
			path = DataModel;
			sourceTree = "<group>";
		};
		21B82E661B9B9154004C05B5 /* requirements */ = {
			isa = PBXGroup;
			children = (
				21B82E671B9B9C11004C05B5 /* requirement_kettlebell.png */,
				21B82E681B9B9C11004C05B5 /* requirement_kettlebell@2x.png */,
				21B82E691B9B9C11004C05B5 /* requirement_kettlebell@3x.png */,
				21B82E6A1B9B9C11004C05B5 /* requirement_rings.png */,
				21B82E6B1B9B9C11004C05B5 /* requirement_rings@2x.png */,
				21B82E6C1B9B9C11004C05B5 /* requirement_rings@3x.png */,
				21B82E6D1B9B9C11004C05B5 /* requirement_rope.png */,
				21B82E6E1B9B9C11004C05B5 /* requirement_rope@2x.png */,
				21B82E6F1B9B9C11004C05B5 /* requirement_rope@3x.png */,
				21B82E601B9B914F004C05B5 /* requirement_bar.png */,
				21B82E611B9B914F004C05B5 /* requirement_bar@2x.png */,
				21B82E621B9B914F004C05B5 /* requirement_bar@3x.png */,
				21B82E5A1B9B8FDA004C05B5 /* requirement_running.png */,
				21B82E5B1B9B8FDA004C05B5 /* requirement_running@2x.png */,
				21B82E5C1B9B8FDA004C05B5 /* requirement_running@3x.png */,
			);
			name = requirements;
			sourceTree = "<group>";
		};
		21B82E7F1B9C31E7004C05B5 /* JTCalendar */ = {
			isa = PBXGroup;
			children = (
				21B82E801B9C31E7004C05B5 /* JTCalendar.h */,
				21B82E811B9C31E7004C05B5 /* JTCalendarDelegate.h */,
				21B82E821B9C31E7004C05B5 /* JTCalendarManager.h */,
				21B82E831B9C31E7004C05B5 /* JTCalendarManager.m */,
				21B82E841B9C31E7004C05B5 /* JTCalendarSettings.h */,
				21B82E851B9C31E7004C05B5 /* JTCalendarSettings.m */,
				21B82E861B9C31E7004C05B5 /* JTDateHelper.h */,
				21B82E871B9C31E7004C05B5 /* JTDateHelper.m */,
				21B82E881B9C31E7004C05B5 /* Managers */,
				21B82E8D1B9C31E7004C05B5 /* Protocols */,
				21B82E941B9C31E7004C05B5 /* Views */,
			);
			path = JTCalendar;
			sourceTree = "<group>";
		};
		21B82E881B9C31E7004C05B5 /* Managers */ = {
			isa = PBXGroup;
			children = (
				21B82E891B9C31E7004C05B5 /* JTCalendarDelegateManager.h */,
				21B82E8A1B9C31E7004C05B5 /* JTCalendarDelegateManager.m */,
				21B82E8B1B9C31E7004C05B5 /* JTCalendarScrollManager.h */,
				21B82E8C1B9C31E7004C05B5 /* JTCalendarScrollManager.m */,
			);
			path = Managers;
			sourceTree = "<group>";
		};
		21B82E8D1B9C31E7004C05B5 /* Protocols */ = {
			isa = PBXGroup;
			children = (
				21B82E8E1B9C31E7004C05B5 /* JTCalendarDay.h */,
				21B82E8F1B9C31E7004C05B5 /* JTCalendarPage.h */,
				21B82E901B9C31E7004C05B5 /* JTCalendarWeek.h */,
				21B82E911B9C31E7004C05B5 /* JTCalendarWeekDay.h */,
				21B82E921B9C31E7004C05B5 /* JTContent.h */,
				21B82E931B9C31E7004C05B5 /* JTMenu.h */,
			);
			path = Protocols;
			sourceTree = "<group>";
		};
		21B82E941B9C31E7004C05B5 /* Views */ = {
			isa = PBXGroup;
			children = (
				21B82E951B9C31E7004C05B5 /* JTCalendarDayView.h */,
				21B82E961B9C31E7004C05B5 /* JTCalendarDayView.m */,
				21B82E971B9C31E7004C05B5 /* JTCalendarMenuView.h */,
				21B82E981B9C31E7004C05B5 /* JTCalendarMenuView.m */,
				21B82E991B9C31E7004C05B5 /* JTCalendarPageView.h */,
				21B82E9A1B9C31E7004C05B5 /* JTCalendarPageView.m */,
				21B82E9B1B9C31E7004C05B5 /* JTCalendarWeekDayView.h */,
				21B82E9C1B9C31E7004C05B5 /* JTCalendarWeekDayView.m */,
				21B82E9D1B9C31E7004C05B5 /* JTCalendarWeekView.h */,
				21B82E9E1B9C31E7004C05B5 /* JTCalendarWeekView.m */,
				21B82E9F1B9C31E7004C05B5 /* JTHorizontalCalendarView.h */,
				21B82EA01B9C31E7004C05B5 /* JTHorizontalCalendarView.m */,
				21B82EA11B9C31E7004C05B5 /* JTVerticalCalendarView.h */,
				21B82EA21B9C31E7004C05B5 /* JTVerticalCalendarView.m */,
			);
			path = Views;
			sourceTree = "<group>";
		};
/* End PBXGroup section */

/* Begin PBXNativeTarget section */
		215156CD1B69298200654CEA /* kalestenika */ = {
			isa = PBXNativeTarget;
			buildConfigurationList = 215156F11B69298200654CEA /* Build configuration list for PBXNativeTarget "kalestenika" */;
			buildPhases = (
				215156CA1B69298200654CEA /* Sources */,
				215156CB1B69298200654CEA /* Frameworks */,
				215156CC1B69298200654CEA /* Resources */,
			);
			buildRules = (
			);
			dependencies = (
			);
			name = kalestenika;
			productName = kalestenika;
			productReference = 215156CE1B69298200654CEA /* kalestenika.app */;
			productType = "com.apple.product-type.application";
		};
		215156E61B69298200654CEA /* kalestenikaTests */ = {
			isa = PBXNativeTarget;
			buildConfigurationList = 215156F41B69298200654CEA /* Build configuration list for PBXNativeTarget "kalestenikaTests" */;
			buildPhases = (
				215156E31B69298200654CEA /* Sources */,
				215156E41B69298200654CEA /* Frameworks */,
				215156E51B69298200654CEA /* Resources */,
			);
			buildRules = (
			);
			dependencies = (
				215156E91B69298200654CEA /* PBXTargetDependency */,
			);
			name = kalestenikaTests;
			productName = kalestenikaTests;
			productReference = 215156E71B69298200654CEA /* kalestenikaTests.xctest */;
			productType = "com.apple.product-type.bundle.unit-test";
		};
/* End PBXNativeTarget section */

/* Begin PBXProject section */
		215156C61B69298200654CEA /* Project object */ = {
			isa = PBXProject;
			attributes = {
				LastUpgradeCheck = 0640;
				ORGANIZATIONNAME = "Gian Marco Sibilla";
				TargetAttributes = {
					215156CD1B69298200654CEA = {
						CreatedOnToolsVersion = 6.4;
						SystemCapabilities = {
							com.apple.Maps.iOS = {
								enabled = 1;
							};
						};
					};
					215156E61B69298200654CEA = {
						CreatedOnToolsVersion = 6.4;
						TestTargetID = 215156CD1B69298200654CEA;
					};
				};
			};
			buildConfigurationList = 215156C91B69298200654CEA /* Build configuration list for PBXProject "kalestenika" */;
			compatibilityVersion = "Xcode 3.2";
			developmentRegion = English;
			hasScannedForEncodings = 0;
			knownRegions = (
				en,
				Base,
				it,
			);
			mainGroup = 215156C51B69298200654CEA;
			productRefGroup = 215156CF1B69298200654CEA /* Products */;
			projectDirPath = "";
			projectRoot = "";
			targets = (
				215156CD1B69298200654CEA /* kalestenika */,
				215156E61B69298200654CEA /* kalestenikaTests */,
			);
		};
/* End PBXProject section */

/* Begin PBXResourcesBuildPhase section */
		215156CC1B69298200654CEA /* Resources */ = {
			isa = PBXResourcesBuildPhase;
			buildActionMask = 2147483647;
			files = (
				21B82E741B9B9C11004C05B5 /* requirement_rings@2x.png in Resources */,
				21103F551B97467100273976 /* schedule_tab@3x.png in Resources */,
				21B82E5D1B9B8FDA004C05B5 /* requirement_running.png in Resources */,
				215156DD1B69298200654CEA /* Main.storyboard in Resources */,
				21103F581B97467100273976 /* schedule_toolbar@3x.png in Resources */,
				21AE93221B9C7EF4000D28BE /* dashboard@3x.png in Resources */,
				21103F711B978E0D00273976 /* zzz.png in Resources */,
				21AE935B1B9DA290000D28BE /* facebook@3x.png in Resources */,
				21103F5F1B9776CE00273976 /* add.png in Resources */,
				21AE93671B9DC3D2000D28BE /* remove@3x.png in Resources */,
				21B82E771B9B9C11004C05B5 /* requirement_rope@2x.png in Resources */,
				21B82E761B9B9C11004C05B5 /* requirement_rope.png in Resources */,
				21103F731B978E0D00273976 /* zzz@3x.png in Resources */,
				21367DBD1B7B62AC00A9E356 /* places@3x.png in Resources */,
				215156E21B69298200654CEA /* LaunchScreen.xib in Resources */,
				21B82E5F1B9B8FDA004C05B5 /* requirement_running@3x.png in Resources */,
				21AE93291B9CB842000D28BE /* position.png in Resources */,
				21AE932A1B9CB842000D28BE /* position@2x.png in Resources */,
				21103F601B9776CE00273976 /* add@2x.png in Resources */,
				21367DBC1B7B62AC00A9E356 /* places@2x.png in Resources */,
				21103F571B97467100273976 /* schedule_toolbar@2x.png in Resources */,
				21B82E731B9B9C11004C05B5 /* requirement_rings.png in Resources */,
				21AE935D1B9DA290000D28BE /* google@2x.png in Resources */,
				21103F561B97467100273976 /* schedule_toolbar.png in Resources */,
				21AE93651B9DC3D2000D28BE /* remove.png in Resources */,
				21491FA01B7960B6006A7FBE /* Localizable.strings in Resources */,
				21A83B051B6B92F70095DFB8 /* muscle.png in Resources */,
				21103F721B978E0D00273976 /* zzz@2x.png in Resources */,
				21B82E651B9B914F004C05B5 /* requirement_bar@3x.png in Resources */,
				21367DBB1B7B62AC00A9E356 /* places.png in Resources */,
				21AE935E1B9DA290000D28BE /* google@3x.png in Resources */,
				21B82E5E1B9B8FDA004C05B5 /* requirement_running@2x.png in Resources */,
				21B82E701B9B9C11004C05B5 /* requirement_kettlebell.png in Resources */,
				21103F541B97467100273976 /* schedule_tab@2x.png in Resources */,
				21B82E781B9B9C11004C05B5 /* requirement_rope@3x.png in Resources */,
				21103F611B9776CE00273976 /* add@3x.png in Resources */,
				21103F531B97467100273976 /* schedule_tab.png in Resources */,
				21B82E751B9B9C11004C05B5 /* requirement_rings@3x.png in Resources */,
				21A83B061B6B92F70095DFB8 /* muscle@2x.png in Resources */,
				21AE932B1B9CB842000D28BE /* position@3x.png in Resources */,
				21A83B071B6B92F70095DFB8 /* muscle@3x.png in Resources */,
				21B82E631B9B914F004C05B5 /* requirement_bar.png in Resources */,
				21AE93661B9DC3D2000D28BE /* remove@2x.png in Resources */,
				21B82E711B9B9C11004C05B5 /* requirement_kettlebell@2x.png in Resources */,
				21AE93521B9D9111000D28BE /* Info.plist in Resources */,
				21AE935C1B9DA290000D28BE /* google.png in Resources */,
				21AE93201B9C7EF4000D28BE /* dashboard.png in Resources */,
				211440BA1B70BD1B00609D60 /* GooglePlus.bundle in Resources */,
				215156DF1B69298200654CEA /* Images.xcassets in Resources */,
				21AE935A1B9DA290000D28BE /* facebook@2x.png in Resources */,
				21AE93211B9C7EF4000D28BE /* dashboard@2x.png in Resources */,
				21B82E641B9B914F004C05B5 /* requirement_bar@2x.png in Resources */,
				21B82E721B9B9C11004C05B5 /* requirement_kettlebell@3x.png in Resources */,
				21AE93591B9DA290000D28BE /* facebook.png in Resources */,
			);
			runOnlyForDeploymentPostprocessing = 0;
		};
		215156E51B69298200654CEA /* Resources */ = {
			isa = PBXResourcesBuildPhase;
			buildActionMask = 2147483647;
			files = (
			);
			runOnlyForDeploymentPostprocessing = 0;
		};
/* End PBXResourcesBuildPhase section */

/* Begin PBXSourcesBuildPhase section */
		215156CA1B69298200654CEA /* Sources */ = {
			isa = PBXSourcesBuildPhase;
			buildActionMask = 2147483647;
			files = (
				21B82EAD1B9C31E7004C05B5 /* JTHorizontalCalendarView.m in Sources */,
				21A83B0F1B6B9BB70095DFB8 /* Constants.m in Sources */,
				211B85B31B6BC3B5006411BE /* WorkoutCell.m in Sources */,
				21103F7A1B97AC4B00273976 /* AddExerciseViewController.m in Sources */,
				211440F41B70F6D000609D60 /* TestUser.m in Sources */,
				215156D71B69298200654CEA /* AppDelegate.m in Sources */,
				21A1A9681B989F1900F34BDE /* NSManagedObject+Local.m in Sources */,
				21103F401B96092D00273976 /* ProgressViewController.m in Sources */,
				21AE934C1B9D8E74000D28BE /* SaveSessionViewController.m in Sources */,
				21103F431B960BBD00273976 /* HistoryViewController.m in Sources */,
				21B82EA41B9C31E7004C05B5 /* JTCalendarSettings.m in Sources */,
				215156D41B69298200654CEA /* main.m in Sources */,
				21B82EAC1B9C31E7004C05B5 /* JTCalendarWeekView.m in Sources */,
				21AE93341B9D09F0000D28BE /* Place.m in Sources */,
				21B82EA91B9C31E7004C05B5 /* JTCalendarMenuView.m in Sources */,
				21B82E7B1B9BA149004C05B5 /* WorkoutDetailViewController.m in Sources */,
				21A1A96B1B9905AC00F34BDE /* Record.m in Sources */,
				21AE93371B9D8AB8000D28BE /* Session.m in Sources */,
				21B82EA61B9C31E7004C05B5 /* JTCalendarDelegateManager.m in Sources */,
				21B82E7E1B9BC686004C05B5 /* SessionViewController.m in Sources */,
				21B9E78E1B6F5EA40067C4D8 /* WorkoutsViewController.m in Sources */,
				21B82EA71B9C31E7004C05B5 /* JTCalendarScrollManager.m in Sources */,
				21A83AFD1B6B69C60095DFB8 /* MainViewController.m in Sources */,
				21103F3A1B95F63700273976 /* ScheduleViewController.m in Sources */,
				21103F3D1B95F66600273976 /* PlacesViewController.m in Sources */,
				21B82EAB1B9C31E7004C05B5 /* JTCalendarWeekDayView.m in Sources */,
				21AE93611B9DA6BF000D28BE /* PlaceAnnotation.m in Sources */,
				21103F7D1B97B8A300273976 /* NSManagedObject+Remote.m in Sources */,
				21B82EA31B9C31E7004C05B5 /* JTCalendarManager.m in Sources */,
				21103F801B97BD7600273976 /* Exercise.m in Sources */,
				21B300AC1B7250A800CB18B6 /* Kalestenika.xcdatamodeld in Sources */,
				21BA94AB1B7643EB0025AC97 /* User.m in Sources */,
				21103F5B1B975A6100273976 /* NewWorkoutViewController.m in Sources */,
				21B82EAE1B9C31E7004C05B5 /* JTVerticalCalendarView.m in Sources */,
				21A83B001B6B6A070095DFB8 /* LoginViewController.m in Sources */,
				21B82EA51B9C31E7004C05B5 /* JTDateHelper.m in Sources */,
				21BA94A21B7620050025AC97 /* PersistentStack.m in Sources */,
				21367DAE1B7B406E00A9E356 /* DashboardViewController.m in Sources */,
				21A1A9711B99116700F34BDE /* Workout.m in Sources */,
				21B82EA81B9C31E7004C05B5 /* JTCalendarDayView.m in Sources */,
				21AE93511B9D9111000D28BE /* HCSStarRatingView.m in Sources */,
				21B82EAA1B9C31E7004C05B5 /* JTCalendarPageView.m in Sources */,
			);
			runOnlyForDeploymentPostprocessing = 0;
		};
		215156E31B69298200654CEA /* Sources */ = {
			isa = PBXSourcesBuildPhase;
			buildActionMask = 2147483647;
			files = (
				215156EE1B69298200654CEA /* kalestenikaTests.m in Sources */,
			);
			runOnlyForDeploymentPostprocessing = 0;
		};
/* End PBXSourcesBuildPhase section */

/* Begin PBXTargetDependency section */
		215156E91B69298200654CEA /* PBXTargetDependency */ = {
			isa = PBXTargetDependency;
			target = 215156CD1B69298200654CEA /* kalestenika */;
			targetProxy = 215156E81B69298200654CEA /* PBXContainerItemProxy */;
		};
/* End PBXTargetDependency section */

/* Begin PBXVariantGroup section */
		21491FA21B7960B6006A7FBE /* Localizable.strings */ = {
			isa = PBXVariantGroup;
			children = (
				21491FA41B7960C5006A7FBE /* en */,
				21491FA71B796212006A7FBE /* it */,
			);
			name = Localizable.strings;
			sourceTree = "<group>";
		};
		215156DB1B69298200654CEA /* Main.storyboard */ = {
			isa = PBXVariantGroup;
			children = (
				215156DC1B69298200654CEA /* Base */,
				21491FA51B796212006A7FBE /* it */,
			);
			name = Main.storyboard;
			sourceTree = "<group>";
		};
		215156E01B69298200654CEA /* LaunchScreen.xib */ = {
			isa = PBXVariantGroup;
			children = (
				215156E11B69298200654CEA /* Base */,
				21491FA61B796212006A7FBE /* it */,
			);
			name = LaunchScreen.xib;
			sourceTree = "<group>";
		};
/* End PBXVariantGroup section */

/* Begin XCBuildConfiguration section */
		215156EF1B69298200654CEA /* Debug */ = {
			isa = XCBuildConfiguration;
			buildSettings = {
				ALWAYS_SEARCH_USER_PATHS = NO;
				CLANG_CXX_LANGUAGE_STANDARD = "gnu++0x";
				CLANG_CXX_LIBRARY = "libc++";
				CLANG_ENABLE_MODULES = YES;
				CLANG_ENABLE_OBJC_ARC = YES;
				CLANG_WARN_BOOL_CONVERSION = YES;
				CLANG_WARN_CONSTANT_CONVERSION = YES;
				CLANG_WARN_DIRECT_OBJC_ISA_USAGE = YES_ERROR;
				CLANG_WARN_EMPTY_BODY = YES;
				CLANG_WARN_ENUM_CONVERSION = YES;
				CLANG_WARN_INT_CONVERSION = YES;
				CLANG_WARN_OBJC_ROOT_CLASS = YES_ERROR;
				CLANG_WARN_UNREACHABLE_CODE = YES;
				CLANG_WARN__DUPLICATE_METHOD_MATCH = YES;
				"CODE_SIGN_IDENTITY[sdk=iphoneos*]" = "iPhone Developer";
				COPY_PHASE_STRIP = NO;
				DEBUG_INFORMATION_FORMAT = "dwarf-with-dsym";
				ENABLE_STRICT_OBJC_MSGSEND = YES;
				GCC_C_LANGUAGE_STANDARD = gnu99;
				GCC_DYNAMIC_NO_PIC = NO;
				GCC_NO_COMMON_BLOCKS = YES;
				GCC_OPTIMIZATION_LEVEL = 0;
				GCC_PREPROCESSOR_DEFINITIONS = (
					"DEBUG=1",
					"$(inherited)",
				);
				GCC_SYMBOLS_PRIVATE_EXTERN = NO;
				GCC_WARN_64_TO_32_BIT_CONVERSION = YES;
				GCC_WARN_ABOUT_RETURN_TYPE = YES_ERROR;
				GCC_WARN_UNDECLARED_SELECTOR = YES;
				GCC_WARN_UNINITIALIZED_AUTOS = YES_AGGRESSIVE;
				GCC_WARN_UNUSED_FUNCTION = YES;
				GCC_WARN_UNUSED_VARIABLE = YES;
				IPHONEOS_DEPLOYMENT_TARGET = 8.4;
				MTL_ENABLE_DEBUG_INFO = YES;
				ONLY_ACTIVE_ARCH = YES;
				SDKROOT = iphoneos;
				TARGETED_DEVICE_FAMILY = "1,2";
			};
			name = Debug;
		};
		215156F01B69298200654CEA /* Release */ = {
			isa = XCBuildConfiguration;
			buildSettings = {
				ALWAYS_SEARCH_USER_PATHS = NO;
				CLANG_CXX_LANGUAGE_STANDARD = "gnu++0x";
				CLANG_CXX_LIBRARY = "libc++";
				CLANG_ENABLE_MODULES = YES;
				CLANG_ENABLE_OBJC_ARC = YES;
				CLANG_WARN_BOOL_CONVERSION = YES;
				CLANG_WARN_CONSTANT_CONVERSION = YES;
				CLANG_WARN_DIRECT_OBJC_ISA_USAGE = YES_ERROR;
				CLANG_WARN_EMPTY_BODY = YES;
				CLANG_WARN_ENUM_CONVERSION = YES;
				CLANG_WARN_INT_CONVERSION = YES;
				CLANG_WARN_OBJC_ROOT_CLASS = YES_ERROR;
				CLANG_WARN_UNREACHABLE_CODE = YES;
				CLANG_WARN__DUPLICATE_METHOD_MATCH = YES;
				"CODE_SIGN_IDENTITY[sdk=iphoneos*]" = "iPhone Developer";
				COPY_PHASE_STRIP = NO;
				DEBUG_INFORMATION_FORMAT = "dwarf-with-dsym";
				ENABLE_NS_ASSERTIONS = NO;
				ENABLE_STRICT_OBJC_MSGSEND = YES;
				GCC_C_LANGUAGE_STANDARD = gnu99;
				GCC_NO_COMMON_BLOCKS = YES;
				GCC_WARN_64_TO_32_BIT_CONVERSION = YES;
				GCC_WARN_ABOUT_RETURN_TYPE = YES_ERROR;
				GCC_WARN_UNDECLARED_SELECTOR = YES;
				GCC_WARN_UNINITIALIZED_AUTOS = YES_AGGRESSIVE;
				GCC_WARN_UNUSED_FUNCTION = YES;
				GCC_WARN_UNUSED_VARIABLE = YES;
				IPHONEOS_DEPLOYMENT_TARGET = 8.4;
				MTL_ENABLE_DEBUG_INFO = NO;
				SDKROOT = iphoneos;
				TARGETED_DEVICE_FAMILY = "1,2";
				VALIDATE_PRODUCT = YES;
			};
			name = Release;
		};
		215156F21B69298200654CEA /* Debug */ = {
			isa = XCBuildConfiguration;
			buildSettings = {
				ASSETCATALOG_COMPILER_APPICON_NAME = AppIcon;
				ASSETCATALOG_COMPILER_LAUNCHIMAGE_NAME = LaunchImage;
				FRAMEWORK_SEARCH_PATHS = (
					"$(inherited)",
					/Users/gmbilla/Documents/FacebookSDK,
					"/Users/gmbilla/Developer/lib/google-plus-ios-sdk-1.7.1",
				);
				INFOPLIST_FILE = kalestenika/Info.plist;
				LD_RUNPATH_SEARCH_PATHS = "$(inherited) @executable_path/Frameworks";
				"OTHER_LDFLAGS[arch=*]" = (
					"$(OTHER_LDFLAGS)",
					"-ObjC",
				);
				PRODUCT_NAME = "$(TARGET_NAME)";
			};
			name = Debug;
		};
		215156F31B69298200654CEA /* Release */ = {
			isa = XCBuildConfiguration;
			buildSettings = {
				ASSETCATALOG_COMPILER_APPICON_NAME = AppIcon;
				ASSETCATALOG_COMPILER_LAUNCHIMAGE_NAME = LaunchImage;
				FRAMEWORK_SEARCH_PATHS = (
					"$(inherited)",
					/Users/gmbilla/Documents/FacebookSDK,
					"/Users/gmbilla/Developer/lib/google-plus-ios-sdk-1.7.1",
				);
				INFOPLIST_FILE = kalestenika/Info.plist;
				LD_RUNPATH_SEARCH_PATHS = "$(inherited) @executable_path/Frameworks";
				"OTHER_LDFLAGS[arch=*]" = (
					"$(OTHER_LDFLAGS)",
					"-ObjC",
				);
				PRODUCT_NAME = "$(TARGET_NAME)";
			};
			name = Release;
		};
		215156F51B69298200654CEA /* Debug */ = {
			isa = XCBuildConfiguration;
			buildSettings = {
				BUNDLE_LOADER = "$(TEST_HOST)";
				FRAMEWORK_SEARCH_PATHS = (
					"$(SDKROOT)/Developer/Library/Frameworks",
					"$(inherited)",
				);
				GCC_PREPROCESSOR_DEFINITIONS = (
					"DEBUG=1",
					"$(inherited)",
				);
				INFOPLIST_FILE = kalestenikaTests/Info.plist;
				LD_RUNPATH_SEARCH_PATHS = "$(inherited) @executable_path/Frameworks @loader_path/Frameworks";
				PRODUCT_NAME = "$(TARGET_NAME)";
				TEST_HOST = "$(BUILT_PRODUCTS_DIR)/kalestenika.app/kalestenika";
			};
			name = Debug;
		};
		215156F61B69298200654CEA /* Release */ = {
			isa = XCBuildConfiguration;
			buildSettings = {
				BUNDLE_LOADER = "$(TEST_HOST)";
				FRAMEWORK_SEARCH_PATHS = (
					"$(SDKROOT)/Developer/Library/Frameworks",
					"$(inherited)",
				);
				INFOPLIST_FILE = kalestenikaTests/Info.plist;
				LD_RUNPATH_SEARCH_PATHS = "$(inherited) @executable_path/Frameworks @loader_path/Frameworks";
				PRODUCT_NAME = "$(TARGET_NAME)";
				TEST_HOST = "$(BUILT_PRODUCTS_DIR)/kalestenika.app/kalestenika";
			};
			name = Release;
		};
/* End XCBuildConfiguration section */

/* Begin XCConfigurationList section */
		215156C91B69298200654CEA /* Build configuration list for PBXProject "kalestenika" */ = {
			isa = XCConfigurationList;
			buildConfigurations = (
				215156EF1B69298200654CEA /* Debug */,
				215156F01B69298200654CEA /* Release */,
			);
			defaultConfigurationIsVisible = 0;
			defaultConfigurationName = Release;
		};
		215156F11B69298200654CEA /* Build configuration list for PBXNativeTarget "kalestenika" */ = {
			isa = XCConfigurationList;
			buildConfigurations = (
				215156F21B69298200654CEA /* Debug */,
				215156F31B69298200654CEA /* Release */,
			);
			defaultConfigurationIsVisible = 0;
			defaultConfigurationName = Release;
		};
		215156F41B69298200654CEA /* Build configuration list for PBXNativeTarget "kalestenikaTests" */ = {
			isa = XCConfigurationList;
			buildConfigurations = (
				215156F51B69298200654CEA /* Debug */,
				215156F61B69298200654CEA /* Release */,
			);
			defaultConfigurationIsVisible = 0;
			defaultConfigurationName = Release;
		};
/* End XCConfigurationList section */

/* Begin XCVersionGroup section */
		21B300AA1B7250A800CB18B6 /* Kalestenika.xcdatamodeld */ = {
			isa = XCVersionGroup;
			children = (
				21B300AB1B7250A800CB18B6 /* Kalestenika.xcdatamodel */,
			);
			currentVersion = 21B300AB1B7250A800CB18B6 /* Kalestenika.xcdatamodel */;
			path = Kalestenika.xcdatamodeld;
			sourceTree = "<group>";
			versionGroupType = wrapper.xcdatamodel;
		};
/* End XCVersionGroup section */
	};
	rootObject = 215156C61B69298200654CEA /* Project object */;
}
